// !$*UTF8*$!
{
	archiveVersion = 1;
	classes = {
	};
	objectVersion = 44;
	objects = {

/* Begin PBXBuildFile section */
		8D15AC2F0486D014006FF6A4 /* InfoPlist.strings in Resources */ = {isa = PBXBuildFile; fileRef = 089C165FFE840EACC02AAC07 /* InfoPlist.strings */; };
		8D15AC310486D014006FF6A4 /* XspfQTDocument.m in Sources */ = {isa = PBXBuildFile; fileRef = 2A37F4ACFDCFA73011CA2CEA /* XspfQTDocument.m */; settings = {ATTRIBUTES = (); }; };
		8D15AC320486D014006FF6A4 /* main.m in Sources */ = {isa = PBXBuildFile; fileRef = 2A37F4B0FDCFA73011CA2CEA /* main.m */; settings = {ATTRIBUTES = (); }; };
		8D15AC340486D014006FF6A4 /* Cocoa.framework in Frameworks */ = {isa = PBXBuildFile; fileRef = 1058C7A7FEA54F5311CA2CBB /* Cocoa.framework */; };
		F41AC3520F7F0B88003B3DF0 /* XspfQTPreference.m in Sources */ = {isa = PBXBuildFile; fileRef = F41AC3510F7F0B88003B3DF0 /* XspfQTPreference.m */; };
		F426BB4D1083291B0084E8C5 /* InfoPlist.strings in Resources */ = {isa = PBXBuildFile; fileRef = F47DF8DA1083262000DF2C17 /* InfoPlist.strings */; };
		F426BB4E108329400084E8C5 /* GenerateThumbnailForURL.m in Sources */ = {isa = PBXBuildFile; fileRef = F47DF8D21083260600DF2C17 /* GenerateThumbnailForURL.m */; };
		F426BB4F108329420084E8C5 /* GeneratePreviewForURL.m in Sources */ = {isa = PBXBuildFile; fileRef = F47DF8D11083260600DF2C17 /* GeneratePreviewForURL.m */; };
		F426BB50108329450084E8C5 /* main.c in Sources */ = {isa = PBXBuildFile; fileRef = F47DF8D41083260600DF2C17 /* main.c */; };
		F426BB61108329A20084E8C5 /* AppKit.framework in Frameworks */ = {isa = PBXBuildFile; fileRef = 2A37F4C4FDCFA73011CA2CEA /* AppKit.framework */; };
		F426BB62108329A40084E8C5 /* ApplicationServices.framework in Frameworks */ = {isa = PBXBuildFile; fileRef = F492C1D70F55627B00D0C72A /* ApplicationServices.framework */; };
		F426BB63108329A50084E8C5 /* Carbon.framework in Frameworks */ = {isa = PBXBuildFile; fileRef = F4D99B1E0E6B0F59006D72F4 /* Carbon.framework */; };
		F426BB64108329A80084E8C5 /* CoreData.framework in Frameworks */ = {isa = PBXBuildFile; fileRef = 13E42FBA07B3F13500E4EEF1 /* CoreData.framework */; };
		F426BB65108329AA0084E8C5 /* QTKit.framework in Frameworks */ = {isa = PBXBuildFile; fileRef = F49C304C0E68284C007F2DEC /* QTKit.framework */; };
		F426BB67108329DC0084E8C5 /* QuickLook.framework in Frameworks */ = {isa = PBXBuildFile; fileRef = F426BB66108329DC0084E8C5 /* QuickLook.framework */; };
		F426BB8310832AF10084E8C5 /* XspfQuickLook.qlgenerator in CopyFiles */ = {isa = PBXBuildFile; fileRef = F426BB311083282A0084E8C5 /* XspfQuickLook.qlgenerator */; };
		F426BBFC108344260084E8C5 /* XspfQLUtilities.m in Sources */ = {isa = PBXBuildFile; fileRef = F426BBFA108344260084E8C5 /* XspfQLUtilities.m */; };
		F426BC96108357890084E8C5 /* XspfQTValueTransformers.m in Sources */ = {isa = PBXBuildFile; fileRef = F441DE570E6A2B5F009320B6 /* XspfQTValueTransformers.m */; };
		F441DCA50E69B82B009320B6 /* XspfQTMovieWindowController.m in Sources */ = {isa = PBXBuildFile; fileRef = F441DCA40E69B82B009320B6 /* XspfQTMovieWindowController.m */; };
		F441DE580E6A2B5F009320B6 /* XspfQTValueTransformers.m in Sources */ = {isa = PBXBuildFile; fileRef = F441DE570E6A2B5F009320B6 /* XspfQTValueTransformers.m */; };
		F441DE5C0E6A2BDA009320B6 /* XspfQTAppDelegate.m in Sources */ = {isa = PBXBuildFile; fileRef = F441DE5B0E6A2BDA009320B6 /* XspfQTAppDelegate.m */; };
		F441DECB0E6A399D009320B6 /* XspfQTFullScreenWindow.m in Sources */ = {isa = PBXBuildFile; fileRef = F441DECA0E6A399D009320B6 /* XspfQTFullScreenWindow.m */; };
		F441E0680E6A5131009320B6 /* XspfQTPlayListWindowController.m in Sources */ = {isa = PBXBuildFile; fileRef = F441E0670E6A5131009320B6 /* XspfQTPlayListWindowController.m */; };
		F448050B1098AD5F0014C2BB /* BSSUtil.m in Sources */ = {isa = PBXBuildFile; fileRef = F448050A1098AD5F0014C2BB /* BSSUtil.m */; };
		F44806EC109C6E440014C2BB /* XspfQTMovieTimer.m in Sources */ = {isa = PBXBuildFile; fileRef = F44806EB109C6E440014C2BB /* XspfQTMovieTimer.m */; };
		F45B04E3119F8CC7007BB540 /* Credits.rtf in Resources */ = {isa = PBXBuildFile; fileRef = F45B04E2119F8CC7007BB540 /* Credits.rtf */; };
		F484FC7B0F6BEB6F007C5596 /* XspfQTMovieLoader.m in Sources */ = {isa = PBXBuildFile; fileRef = F484FC7A0F6BEB6F007C5596 /* XspfQTMovieLoader.m */; };
		F4854B3111A8C01F00E83859 /* GetMetadataForFile.m in Sources */ = {isa = PBXBuildFile; fileRef = F48E519211A8BBDC00112632 /* GetMetadataForFile.m */; };
		F4854B3211A8C02100E83859 /* main.c in Sources */ = {isa = PBXBuildFile; fileRef = F48E519311A8BBE800112632 /* main.c */; };
		F4854B4A11A8C12400E83859 /* InfoPlist.strings in Resources */ = {isa = PBXBuildFile; fileRef = F48E519711A8BC8200112632 /* InfoPlist.strings */; };
		F4854C3E11A8C18B00E83859 /* CoreServices.framework in Frameworks */ = {isa = PBXBuildFile; fileRef = F4854B5211A8C17700E83859 /* CoreServices.framework */; };
		F4854C3F11A8C18D00E83859 /* CoreFoundation.framework in Frameworks */ = {isa = PBXBuildFile; fileRef = F4854B4C11A8C14900E83859 /* CoreFoundation.framework */; };
		F4854E2111A8D0BB00E83859 /* Foundation.framework in Frameworks */ = {isa = PBXBuildFile; fileRef = F49C31EB0E682D66007F2DEC /* Foundation.framework */; };
		F4854E2511A8D0C900E83859 /* HMXSPFComponent.m in Sources */ = {isa = PBXBuildFile; fileRef = F48B33DF112C253C00D1DE39 /* HMXSPFComponent.m */; };
		F4854E2611A8D0CB00E83859 /* HMXSPFContainerComponent.m in Sources */ = {isa = PBXBuildFile; fileRef = F48B33E1112C253C00D1DE39 /* HMXSPFContainerComponent.m */; };
		F4854E2711A8D0CC00E83859 /* HMXSPFPlaceholderComponent.m in Sources */ = {isa = PBXBuildFile; fileRef = F48B33E3112C253C00D1DE39 /* HMXSPFPlaceholderComponent.m */; };
		F4854E2811A8D0CD00E83859 /* HMXSPFPlaylist.m in Sources */ = {isa = PBXBuildFile; fileRef = F48B33E5112C253C00D1DE39 /* HMXSPFPlaylist.m */; };
		F4854E2911A8D0CE00E83859 /* HMXSPFTrack.m in Sources */ = {isa = PBXBuildFile; fileRef = F48B33E7112C253C00D1DE39 /* HMXSPFTrack.m */; };
		F4854E2A11A8D0D000E83859 /* HMXSPFTrackList.m in Sources */ = {isa = PBXBuildFile; fileRef = F48B33E9112C253C00D1DE39 /* HMXSPFTrackList.m */; };
		F4854E8D11A8D9E600E83859 /* NSPathUtilities-HMExtensions.m in Sources */ = {isa = PBXBuildFile; fileRef = F48B33F9112C255800D1DE39 /* NSPathUtilities-HMExtensions.m */; };
		F4854E9811A8DA0300E83859 /* NSURL-HMExtensions.m in Sources */ = {isa = PBXBuildFile; fileRef = F48B33FB112C255800D1DE39 /* NSURL-HMExtensions.m */; };
		F4854ECD11A8DED500E83859 /* QTKit.framework in Frameworks */ = {isa = PBXBuildFile; fileRef = F49C304C0E68284C007F2DEC /* QTKit.framework */; };
		F48B33EA112C253C00D1DE39 /* HMXSPFComponent.m in Sources */ = {isa = PBXBuildFile; fileRef = F48B33DF112C253C00D1DE39 /* HMXSPFComponent.m */; };
		F48B33EB112C253C00D1DE39 /* HMXSPFContainerComponent.m in Sources */ = {isa = PBXBuildFile; fileRef = F48B33E1112C253C00D1DE39 /* HMXSPFContainerComponent.m */; };
		F48B33EC112C253C00D1DE39 /* HMXSPFPlaceholderComponent.m in Sources */ = {isa = PBXBuildFile; fileRef = F48B33E3112C253C00D1DE39 /* HMXSPFPlaceholderComponent.m */; };
		F48B33ED112C253C00D1DE39 /* HMXSPFPlaylist.m in Sources */ = {isa = PBXBuildFile; fileRef = F48B33E5112C253C00D1DE39 /* HMXSPFPlaylist.m */; };
		F48B33EE112C253C00D1DE39 /* HMXSPFTrack.m in Sources */ = {isa = PBXBuildFile; fileRef = F48B33E7112C253C00D1DE39 /* HMXSPFTrack.m */; };
		F48B33EF112C253C00D1DE39 /* HMXSPFTrackList.m in Sources */ = {isa = PBXBuildFile; fileRef = F48B33E9112C253C00D1DE39 /* HMXSPFTrackList.m */; };
		F48B33F0112C253C00D1DE39 /* HMXSPFComponent.m in Sources */ = {isa = PBXBuildFile; fileRef = F48B33DF112C253C00D1DE39 /* HMXSPFComponent.m */; };
		F48B33F1112C253C00D1DE39 /* HMXSPFContainerComponent.m in Sources */ = {isa = PBXBuildFile; fileRef = F48B33E1112C253C00D1DE39 /* HMXSPFContainerComponent.m */; };
		F48B33F2112C253C00D1DE39 /* HMXSPFPlaceholderComponent.m in Sources */ = {isa = PBXBuildFile; fileRef = F48B33E3112C253C00D1DE39 /* HMXSPFPlaceholderComponent.m */; };
		F48B33F3112C253C00D1DE39 /* HMXSPFPlaylist.m in Sources */ = {isa = PBXBuildFile; fileRef = F48B33E5112C253C00D1DE39 /* HMXSPFPlaylist.m */; };
		F48B33F4112C253C00D1DE39 /* HMXSPFTrack.m in Sources */ = {isa = PBXBuildFile; fileRef = F48B33E7112C253C00D1DE39 /* HMXSPFTrack.m */; };
		F48B33F5112C253C00D1DE39 /* HMXSPFTrackList.m in Sources */ = {isa = PBXBuildFile; fileRef = F48B33E9112C253C00D1DE39 /* HMXSPFTrackList.m */; };
		F48B33FE112C255800D1DE39 /* NSAppleEventDescriptor-HMExtensions.m in Sources */ = {isa = PBXBuildFile; fileRef = F48B33F7112C255800D1DE39 /* NSAppleEventDescriptor-HMExtensions.m */; };
		F48B33FF112C255800D1DE39 /* NSPathUtilities-HMExtensions.m in Sources */ = {isa = PBXBuildFile; fileRef = F48B33F9112C255800D1DE39 /* NSPathUtilities-HMExtensions.m */; };
		F48B3400112C255800D1DE39 /* NSURL-HMExtensions.m in Sources */ = {isa = PBXBuildFile; fileRef = F48B33FB112C255800D1DE39 /* NSURL-HMExtensions.m */; };
		F48B3401112C255800D1DE39 /* NSWorkspace-HMExtensions.m in Sources */ = {isa = PBXBuildFile; fileRef = F48B33FD112C255800D1DE39 /* NSWorkspace-HMExtensions.m */; };
		F48B3402112C255800D1DE39 /* NSAppleEventDescriptor-HMExtensions.m in Sources */ = {isa = PBXBuildFile; fileRef = F48B33F7112C255800D1DE39 /* NSAppleEventDescriptor-HMExtensions.m */; };
		F48B3403112C255800D1DE39 /* NSPathUtilities-HMExtensions.m in Sources */ = {isa = PBXBuildFile; fileRef = F48B33F9112C255800D1DE39 /* NSPathUtilities-HMExtensions.m */; };
		F48B3404112C255800D1DE39 /* NSURL-HMExtensions.m in Sources */ = {isa = PBXBuildFile; fileRef = F48B33FB112C255800D1DE39 /* NSURL-HMExtensions.m */; };
		F48B3405112C255800D1DE39 /* NSWorkspace-HMExtensions.m in Sources */ = {isa = PBXBuildFile; fileRef = F48B33FD112C255800D1DE39 /* NSWorkspace-HMExtensions.m */; };
		F48B369D1130A87100D1DE39 /* XspfQTPreference.xib in Resources */ = {isa = PBXBuildFile; fileRef = F48B369B1130A87100D1DE39 /* XspfQTPreference.xib */; };
		F48B36A31130A90A00D1DE39 /* XspfQTImformation.xib in Resources */ = {isa = PBXBuildFile; fileRef = F48B36A11130A90A00D1DE39 /* XspfQTImformation.xib */; };
		F48B36A91130A97000D1DE39 /* XspfQTPlayList.xib in Resources */ = {isa = PBXBuildFile; fileRef = F48B36A71130A97000D1DE39 /* XspfQTPlayList.xib */; };
		F48B36AF1130A9AA00D1DE39 /* XspfQTDocument.xib in Resources */ = {isa = PBXBuildFile; fileRef = F48B36AD1130A9AA00D1DE39 /* XspfQTDocument.xib */; };
		F48B36B51130A9E700D1DE39 /* MainMenu.xib in Resources */ = {isa = PBXBuildFile; fileRef = F48B36B31130A9E700D1DE39 /* MainMenu.xib */; };
		F48B5B200F54388100E0D1D0 /* XspfQTMovieWindow.m in Sources */ = {isa = PBXBuildFile; fileRef = F48B5B1F0F54388100E0D1D0 /* XspfQTMovieWindow.m */; };
		F48DD1940F62A58E008A199C /* XspfQTMovieView.m in Sources */ = {isa = PBXBuildFile; fileRef = F48DD1930F62A58E008A199C /* XspfQTMovieView.m */; };
		F48FDF190E7D4EE7001C33F3 /* XspfQTInformationWindowController.m in Sources */ = {isa = PBXBuildFile; fileRef = F48FDF180E7D4EE7001C33F3 /* XspfQTInformationWindowController.m */; };
		F492C1D80F55627B00D0C72A /* ApplicationServices.framework in Frameworks */ = {isa = PBXBuildFile; fileRef = F492C1D70F55627B00D0C72A /* ApplicationServices.framework */; };
		F49C304D0E68284C007F2DEC /* QTKit.framework in Frameworks */ = {isa = PBXBuildFile; fileRef = F49C304C0E68284C007F2DEC /* QTKit.framework */; };
		F49C31EC0E682D66007F2DEC /* Foundation.framework in Frameworks */ = {isa = PBXBuildFile; fileRef = F49C31EB0E682D66007F2DEC /* Foundation.framework */; };
		F4B8096E0F6EB373004BF2DD /* XspfQTPreferenceWindowController.m in Sources */ = {isa = PBXBuildFile; fileRef = F4B8096D0F6EB373004BF2DD /* XspfQTPreferenceWindowController.m */; };
		F4D24F8A11C4969200232358 /* XspfQT.icns in Resources */ = {isa = PBXBuildFile; fileRef = F4D24F8911C4969200232358 /* XspfQT.icns */; };
		F4D7CCCB0E868BFC0042F96C /* Localizable.strings in Resources */ = {isa = PBXBuildFile; fileRef = F4D7CCC90E868BFC0042F96C /* Localizable.strings */; };
		F4D99B1F0E6B0F59006D72F4 /* Carbon.framework in Frameworks */ = {isa = PBXBuildFile; fileRef = F4D99B1E0E6B0F59006D72F4 /* Carbon.framework */; };
		F4DAE4D711B23EDD0047BEDA /* RemoteControl.m in Sources */ = {isa = PBXBuildFile; fileRef = F4DAE4D011B23EDD0047BEDA /* RemoteControl.m */; };
		F4DAE4D811B23EDD0047BEDA /* HIDRemoteControlDevice.m in Sources */ = {isa = PBXBuildFile; fileRef = F4DAE4D211B23EDD0047BEDA /* HIDRemoteControlDevice.m */; };
		F4DAE4D911B23EDD0047BEDA /* AppleRemote.m in Sources */ = {isa = PBXBuildFile; fileRef = F4DAE4D411B23EDD0047BEDA /* AppleRemote.m */; };
		F4DAE4DA11B23EDD0047BEDA /* MultiClickRemoteBehavior.m in Sources */ = {isa = PBXBuildFile; fileRef = F4DAE4D611B23EDD0047BEDA /* MultiClickRemoteBehavior.m */; };
		F4DAE4E611B2442C0047BEDA /* IOKit.framework in Frameworks */ = {isa = PBXBuildFile; fileRef = F4DAE4E511B2442C0047BEDA /* IOKit.framework */; };
		F4DAE5E711B24AB80047BEDA /* license.txt in Resources */ = {isa = PBXBuildFile; fileRef = F4DAE5E611B24AB80047BEDA /* license.txt */; };
/* End PBXBuildFile section */

/* Begin PBXContainerItemProxy section */
		F426BB9010832B0C0084E8C5 /* PBXContainerItemProxy */ = {
			isa = PBXContainerItemProxy;
			containerPortal = 2A37F4A9FDCFA73011CA2CEA /* Project object */;
			proxyType = 1;
			remoteGlobalIDString = F426BB301083282A0084E8C5;
			remoteInfo = XspfQuickLookPlugIn;
		};
/* End PBXContainerItemProxy section */

/* Begin PBXCopyFilesBuildPhase section */
		F4EA118910830E2E003C8C87 /* CopyFiles */ = {
			isa = PBXCopyFilesBuildPhase;
			buildActionMask = 2147483647;
			dstPath = Contents/Library/QuickLook;
			dstSubfolderSpec = 1;
			files = (
				F426BB8310832AF10084E8C5 /* XspfQuickLook.qlgenerator in CopyFiles */,
			);
			runOnlyForDeploymentPostprocessing = 0;
		};
/* End PBXCopyFilesBuildPhase section */

/* Begin PBXFileReference section */
		089C1660FE840EACC02AAC07 /* English */ = {isa = PBXFileReference; fileEncoding = 4; lastKnownFileType = text.plist.strings; name = English; path = English.lproj/InfoPlist.strings; sourceTree = "<group>"; };
		1058C7A7FEA54F5311CA2CBB /* Cocoa.framework */ = {isa = PBXFileReference; lastKnownFileType = wrapper.framework; name = Cocoa.framework; path = /System/Library/Frameworks/Cocoa.framework; sourceTree = "<absolute>"; };
		13E42FBA07B3F13500E4EEF1 /* CoreData.framework */ = {isa = PBXFileReference; lastKnownFileType = wrapper.framework; name = CoreData.framework; path = /System/Library/Frameworks/CoreData.framework; sourceTree = "<absolute>"; };
		2A37F4ACFDCFA73011CA2CEA /* XspfQTDocument.m */ = {isa = PBXFileReference; fileEncoding = 4; lastKnownFileType = sourcecode.c.objc; path = XspfQTDocument.m; sourceTree = "<group>"; };
		2A37F4AEFDCFA73011CA2CEA /* XspfQTDocument.h */ = {isa = PBXFileReference; fileEncoding = 4; lastKnownFileType = sourcecode.c.h; path = XspfQTDocument.h; sourceTree = "<group>"; };
		2A37F4B0FDCFA73011CA2CEA /* main.m */ = {isa = PBXFileReference; fileEncoding = 4; lastKnownFileType = sourcecode.c.objc; path = main.m; sourceTree = "<group>"; };
		2A37F4C4FDCFA73011CA2CEA /* AppKit.framework */ = {isa = PBXFileReference; lastKnownFileType = wrapper.framework; name = AppKit.framework; path = /System/Library/Frameworks/AppKit.framework; sourceTree = "<absolute>"; };
		32DBCF750370BD2300C91783 /* XspfQT_Prefix.pch */ = {isa = PBXFileReference; fileEncoding = 4; lastKnownFileType = sourcecode.c.h; path = XspfQT_Prefix.pch; sourceTree = "<group>"; };
		8D15AC360486D014006FF6A4 /* Info.plist */ = {isa = PBXFileReference; fileEncoding = 4; lastKnownFileType = text.plist.xml; path = Info.plist; sourceTree = "<group>"; };
		8D15AC370486D014006FF6A4 /* XspfQT.app */ = {isa = PBXFileReference; explicitFileType = wrapper.application; includeInIndex = 0; path = XspfQT.app; sourceTree = BUILT_PRODUCTS_DIR; };
		F41AC3500F7F0B88003B3DF0 /* XspfQTPreference.h */ = {isa = PBXFileReference; fileEncoding = 4; lastKnownFileType = sourcecode.c.h; path = XspfQTPreference.h; sourceTree = "<group>"; };
		F41AC3510F7F0B88003B3DF0 /* XspfQTPreference.m */ = {isa = PBXFileReference; fileEncoding = 4; lastKnownFileType = sourcecode.c.objc; path = XspfQTPreference.m; sourceTree = "<group>"; };
		F426BB311083282A0084E8C5 /* XspfQuickLook.qlgenerator */ = {isa = PBXFileReference; explicitFileType = wrapper.cfbundle; includeInIndex = 0; path = XspfQuickLook.qlgenerator; sourceTree = BUILT_PRODUCTS_DIR; };
		F426BB66108329DC0084E8C5 /* QuickLook.framework */ = {isa = PBXFileReference; lastKnownFileType = wrapper.framework; name = QuickLook.framework; path = /System/Library/Frameworks/QuickLook.framework; sourceTree = "<absolute>"; };
		F426BBFA108344260084E8C5 /* XspfQLUtilities.m */ = {isa = PBXFileReference; explicitFileType = sourcecode.c.objc; fileEncoding = 4; path = XspfQLUtilities.m; sourceTree = "<group>"; };
		F426BBFB108344260084E8C5 /* XspfQLUtilities.h */ = {isa = PBXFileReference; fileEncoding = 4; lastKnownFileType = sourcecode.c.h; path = XspfQLUtilities.h; sourceTree = "<group>"; };
		F441DCA30E69B82B009320B6 /* XspfQTMovieWindowController.h */ = {isa = PBXFileReference; fileEncoding = 4; lastKnownFileType = sourcecode.c.h; path = XspfQTMovieWindowController.h; sourceTree = "<group>"; };
		F441DCA40E69B82B009320B6 /* XspfQTMovieWindowController.m */ = {isa = PBXFileReference; fileEncoding = 4; lastKnownFileType = sourcecode.c.objc; path = XspfQTMovieWindowController.m; sourceTree = "<group>"; };
		F441DE560E6A2B5F009320B6 /* XspfQTValueTransformers.h */ = {isa = PBXFileReference; fileEncoding = 4; lastKnownFileType = sourcecode.c.h; path = XspfQTValueTransformers.h; sourceTree = "<group>"; };
		F441DE570E6A2B5F009320B6 /* XspfQTValueTransformers.m */ = {isa = PBXFileReference; fileEncoding = 4; lastKnownFileType = sourcecode.c.objc; path = XspfQTValueTransformers.m; sourceTree = "<group>"; };
		F441DE5A0E6A2BDA009320B6 /* XspfQTAppDelegate.h */ = {isa = PBXFileReference; fileEncoding = 4; lastKnownFileType = sourcecode.c.h; path = XspfQTAppDelegate.h; sourceTree = "<group>"; };
		F441DE5B0E6A2BDA009320B6 /* XspfQTAppDelegate.m */ = {isa = PBXFileReference; fileEncoding = 4; lastKnownFileType = sourcecode.c.objc; path = XspfQTAppDelegate.m; sourceTree = "<group>"; };
		F441DEC90E6A399D009320B6 /* XspfQTFullScreenWindow.h */ = {isa = PBXFileReference; fileEncoding = 4; lastKnownFileType = sourcecode.c.h; path = XspfQTFullScreenWindow.h; sourceTree = "<group>"; };
		F441DECA0E6A399D009320B6 /* XspfQTFullScreenWindow.m */ = {isa = PBXFileReference; fileEncoding = 4; lastKnownFileType = sourcecode.c.objc; path = XspfQTFullScreenWindow.m; sourceTree = "<group>"; };
		F441E0660E6A5131009320B6 /* XspfQTPlayListWindowController.h */ = {isa = PBXFileReference; fileEncoding = 4; lastKnownFileType = sourcecode.c.h; path = XspfQTPlayListWindowController.h; sourceTree = "<group>"; };
		F441E0670E6A5131009320B6 /* XspfQTPlayListWindowController.m */ = {isa = PBXFileReference; fileEncoding = 4; lastKnownFileType = sourcecode.c.objc; path = XspfQTPlayListWindowController.m; sourceTree = "<group>"; };
		F44805091098AD5F0014C2BB /* BSSUtil.h */ = {isa = PBXFileReference; fileEncoding = 4; lastKnownFileType = sourcecode.c.h; path = BSSUtil.h; sourceTree = "<group>"; };
		F448050A1098AD5F0014C2BB /* BSSUtil.m */ = {isa = PBXFileReference; fileEncoding = 4; lastKnownFileType = sourcecode.c.objc; path = BSSUtil.m; sourceTree = "<group>"; };
		F44806EA109C6E440014C2BB /* XspfQTMovieTimer.h */ = {isa = PBXFileReference; fileEncoding = 4; lastKnownFileType = sourcecode.c.h; path = XspfQTMovieTimer.h; sourceTree = "<group>"; };
		F44806EB109C6E440014C2BB /* XspfQTMovieTimer.m */ = {isa = PBXFileReference; fileEncoding = 4; lastKnownFileType = sourcecode.c.objc; path = XspfQTMovieTimer.m; sourceTree = "<group>"; };
		F45B04E2119F8CC7007BB540 /* Credits.rtf */ = {isa = PBXFileReference; lastKnownFileType = text.rtf; path = Credits.rtf; sourceTree = "<group>"; };
		F47DF8D11083260600DF2C17 /* GeneratePreviewForURL.m */ = {isa = PBXFileReference; explicitFileType = sourcecode.c.objc; fileEncoding = 4; path = GeneratePreviewForURL.m; sourceTree = "<group>"; };
		F47DF8D21083260600DF2C17 /* GenerateThumbnailForURL.m */ = {isa = PBXFileReference; explicitFileType = sourcecode.c.objc; fileEncoding = 4; path = GenerateThumbnailForURL.m; sourceTree = "<group>"; };
		F47DF8D31083260600DF2C17 /* Info.plist */ = {isa = PBXFileReference; fileEncoding = 4; lastKnownFileType = text.plist.xml; path = Info.plist; sourceTree = "<group>"; };
		F47DF8D41083260600DF2C17 /* main.c */ = {isa = PBXFileReference; fileEncoding = 4; lastKnownFileType = sourcecode.c.c; path = main.c; sourceTree = "<group>"; };
		F47DF8DB1083262000DF2C17 /* English */ = {isa = PBXFileReference; fileEncoding = 10; lastKnownFileType = text.plist.strings; name = English; path = English.lproj/InfoPlist.strings; sourceTree = "<group>"; };
		F484FC790F6BEB6F007C5596 /* XspfQTMovieLoader.h */ = {isa = PBXFileReference; fileEncoding = 4; lastKnownFileType = sourcecode.c.h; path = XspfQTMovieLoader.h; sourceTree = "<group>"; };
		F484FC7A0F6BEB6F007C5596 /* XspfQTMovieLoader.m */ = {isa = PBXFileReference; fileEncoding = 4; lastKnownFileType = sourcecode.c.objc; path = XspfQTMovieLoader.m; sourceTree = "<group>"; };
		F4854B4C11A8C14900E83859 /* CoreFoundation.framework */ = {isa = PBXFileReference; lastKnownFileType = wrapper.framework; name = CoreFoundation.framework; path = System/Library/Frameworks/CoreFoundation.framework; sourceTree = SDKROOT; };
		F4854B5211A8C17700E83859 /* CoreServices.framework */ = {isa = PBXFileReference; lastKnownFileType = wrapper.framework; name = CoreServices.framework; path = System/Library/Frameworks/CoreServices.framework; sourceTree = SDKROOT; };
		F48B33DE112C253C00D1DE39 /* HMXSPFComponent.h */ = {isa = PBXFileReference; fileEncoding = 4; lastKnownFileType = sourcecode.c.h; name = HMXSPFComponent.h; path = extFiles/HMXSPFComponent/HMXSPFComponent.h; sourceTree = "<group>"; };
		F48B33DF112C253C00D1DE39 /* HMXSPFComponent.m */ = {isa = PBXFileReference; fileEncoding = 4; lastKnownFileType = sourcecode.c.objc; name = HMXSPFComponent.m; path = extFiles/HMXSPFComponent/HMXSPFComponent.m; sourceTree = "<group>"; };
		F48B33E0112C253C00D1DE39 /* HMXSPFContainerComponent.h */ = {isa = PBXFileReference; fileEncoding = 4; lastKnownFileType = sourcecode.c.h; name = HMXSPFContainerComponent.h; path = extFiles/HMXSPFComponent/HMXSPFContainerComponent.h; sourceTree = "<group>"; };
		F48B33E1112C253C00D1DE39 /* HMXSPFContainerComponent.m */ = {isa = PBXFileReference; fileEncoding = 4; lastKnownFileType = sourcecode.c.objc; name = HMXSPFContainerComponent.m; path = extFiles/HMXSPFComponent/HMXSPFContainerComponent.m; sourceTree = "<group>"; };
		F48B33E2112C253C00D1DE39 /* HMXSPFPlaceholderComponent.h */ = {isa = PBXFileReference; fileEncoding = 4; lastKnownFileType = sourcecode.c.h; name = HMXSPFPlaceholderComponent.h; path = extFiles/HMXSPFComponent/HMXSPFPlaceholderComponent.h; sourceTree = "<group>"; };
		F48B33E3112C253C00D1DE39 /* HMXSPFPlaceholderComponent.m */ = {isa = PBXFileReference; fileEncoding = 4; lastKnownFileType = sourcecode.c.objc; name = HMXSPFPlaceholderComponent.m; path = extFiles/HMXSPFComponent/HMXSPFPlaceholderComponent.m; sourceTree = "<group>"; };
		F48B33E4112C253C00D1DE39 /* HMXSPFPlaylist.h */ = {isa = PBXFileReference; fileEncoding = 4; lastKnownFileType = sourcecode.c.h; name = HMXSPFPlaylist.h; path = extFiles/HMXSPFComponent/HMXSPFPlaylist.h; sourceTree = "<group>"; };
		F48B33E5112C253C00D1DE39 /* HMXSPFPlaylist.m */ = {isa = PBXFileReference; fileEncoding = 4; lastKnownFileType = sourcecode.c.objc; name = HMXSPFPlaylist.m; path = extFiles/HMXSPFComponent/HMXSPFPlaylist.m; sourceTree = "<group>"; };
		F48B33E6112C253C00D1DE39 /* HMXSPFTrack.h */ = {isa = PBXFileReference; fileEncoding = 4; lastKnownFileType = sourcecode.c.h; name = HMXSPFTrack.h; path = extFiles/HMXSPFComponent/HMXSPFTrack.h; sourceTree = "<group>"; };
		F48B33E7112C253C00D1DE39 /* HMXSPFTrack.m */ = {isa = PBXFileReference; fileEncoding = 4; lastKnownFileType = sourcecode.c.objc; name = HMXSPFTrack.m; path = extFiles/HMXSPFComponent/HMXSPFTrack.m; sourceTree = "<group>"; };
		F48B33E8112C253C00D1DE39 /* HMXSPFTrackList.h */ = {isa = PBXFileReference; fileEncoding = 4; lastKnownFileType = sourcecode.c.h; name = HMXSPFTrackList.h; path = extFiles/HMXSPFComponent/HMXSPFTrackList.h; sourceTree = "<group>"; };
		F48B33E9112C253C00D1DE39 /* HMXSPFTrackList.m */ = {isa = PBXFileReference; fileEncoding = 4; lastKnownFileType = sourcecode.c.objc; name = HMXSPFTrackList.m; path = extFiles/HMXSPFComponent/HMXSPFTrackList.m; sourceTree = "<group>"; };
		F48B33F6112C255800D1DE39 /* NSAppleEventDescriptor-HMExtensions.h */ = {isa = PBXFileReference; fileEncoding = 4; lastKnownFileType = sourcecode.c.h; name = "NSAppleEventDescriptor-HMExtensions.h"; path = "extFiles/HMXSPFComponent/NSAppleEventDescriptor-HMExtensions.h"; sourceTree = "<group>"; };
		F48B33F7112C255800D1DE39 /* NSAppleEventDescriptor-HMExtensions.m */ = {isa = PBXFileReference; fileEncoding = 4; lastKnownFileType = sourcecode.c.objc; name = "NSAppleEventDescriptor-HMExtensions.m"; path = "extFiles/HMXSPFComponent/NSAppleEventDescriptor-HMExtensions.m"; sourceTree = "<group>"; };
		F48B33F8112C255800D1DE39 /* NSPathUtilities-HMExtensions.h */ = {isa = PBXFileReference; fileEncoding = 4; lastKnownFileType = sourcecode.c.h; name = "NSPathUtilities-HMExtensions.h"; path = "extFiles/HMXSPFComponent/NSPathUtilities-HMExtensions.h"; sourceTree = "<group>"; };
		F48B33F9112C255800D1DE39 /* NSPathUtilities-HMExtensions.m */ = {isa = PBXFileReference; fileEncoding = 4; lastKnownFileType = sourcecode.c.objc; name = "NSPathUtilities-HMExtensions.m"; path = "extFiles/HMXSPFComponent/NSPathUtilities-HMExtensions.m"; sourceTree = "<group>"; };
		F48B33FA112C255800D1DE39 /* NSURL-HMExtensions.h */ = {isa = PBXFileReference; fileEncoding = 4; lastKnownFileType = sourcecode.c.h; name = "NSURL-HMExtensions.h"; path = "extFiles/HMXSPFComponent/NSURL-HMExtensions.h"; sourceTree = "<group>"; };
		F48B33FB112C255800D1DE39 /* NSURL-HMExtensions.m */ = {isa = PBXFileReference; fileEncoding = 4; lastKnownFileType = sourcecode.c.objc; name = "NSURL-HMExtensions.m"; path = "extFiles/HMXSPFComponent/NSURL-HMExtensions.m"; sourceTree = "<group>"; };
		F48B33FC112C255800D1DE39 /* NSWorkspace-HMExtensions.h */ = {isa = PBXFileReference; fileEncoding = 4; lastKnownFileType = sourcecode.c.h; name = "NSWorkspace-HMExtensions.h"; path = "extFiles/HMXSPFComponent/NSWorkspace-HMExtensions.h"; sourceTree = "<group>"; };
		F48B33FD112C255800D1DE39 /* NSWorkspace-HMExtensions.m */ = {isa = PBXFileReference; fileEncoding = 4; lastKnownFileType = sourcecode.c.objc; name = "NSWorkspace-HMExtensions.m"; path = "extFiles/HMXSPFComponent/NSWorkspace-HMExtensions.m"; sourceTree = "<group>"; };
		F48B369C1130A87100D1DE39 /* English */ = {isa = PBXFileReference; lastKnownFileType = file.xib; name = English; path = English.lproj/XspfQTPreference.xib; sourceTree = "<group>"; };
		F48B369F1130A8E300D1DE39 /* Japanese */ = {isa = PBXFileReference; lastKnownFileType = file.xib; name = Japanese; path = Japanese.lproj/XspfQTPreference.xib; sourceTree = "<group>"; };
		F48B36A21130A90A00D1DE39 /* English */ = {isa = PBXFileReference; lastKnownFileType = file.xib; name = English; path = English.lproj/XspfQTImformation.xib; sourceTree = "<group>"; };
		F48B36A51130A95100D1DE39 /* Japanese */ = {isa = PBXFileReference; lastKnownFileType = file.xib; name = Japanese; path = Japanese.lproj/XspfQTImformation.xib; sourceTree = "<group>"; };
		F48B36A81130A97000D1DE39 /* English */ = {isa = PBXFileReference; lastKnownFileType = file.xib; name = English; path = English.lproj/XspfQTPlayList.xib; sourceTree = "<group>"; };
		F48B36AB1130A99000D1DE39 /* Japanese */ = {isa = PBXFileReference; lastKnownFileType = file.xib; name = Japanese; path = Japanese.lproj/XspfQTPlayList.xib; sourceTree = "<group>"; };
		F48B36AE1130A9AA00D1DE39 /* English */ = {isa = PBXFileReference; lastKnownFileType = file.xib; name = English; path = English.lproj/XspfQTDocument.xib; sourceTree = "<group>"; };
		F48B36B11130A9C300D1DE39 /* Japanese */ = {isa = PBXFileReference; lastKnownFileType = file.xib; name = Japanese; path = Japanese.lproj/XspfQTDocument.xib; sourceTree = "<group>"; };
		F48B36B41130A9E700D1DE39 /* English */ = {isa = PBXFileReference; lastKnownFileType = file.xib; name = English; path = English.lproj/MainMenu.xib; sourceTree = "<group>"; };
		F48B36B71130A9FC00D1DE39 /* Japanese */ = {isa = PBXFileReference; lastKnownFileType = file.xib; name = Japanese; path = Japanese.lproj/MainMenu.xib; sourceTree = "<group>"; };
		F48B5B1E0F54388100E0D1D0 /* XspfQTMovieWindow.h */ = {isa = PBXFileReference; fileEncoding = 4; lastKnownFileType = sourcecode.c.h; path = XspfQTMovieWindow.h; sourceTree = "<group>"; };
		F48B5B1F0F54388100E0D1D0 /* XspfQTMovieWindow.m */ = {isa = PBXFileReference; fileEncoding = 4; lastKnownFileType = sourcecode.c.objc; path = XspfQTMovieWindow.m; sourceTree = "<group>"; };
		F48DD1920F62A58E008A199C /* XspfQTMovieView.h */ = {isa = PBXFileReference; fileEncoding = 4; lastKnownFileType = sourcecode.c.h; path = XspfQTMovieView.h; sourceTree = "<group>"; };
		F48DD1930F62A58E008A199C /* XspfQTMovieView.m */ = {isa = PBXFileReference; fileEncoding = 4; lastKnownFileType = sourcecode.c.objc; path = XspfQTMovieView.m; sourceTree = "<group>"; };
		F48E519211A8BBDC00112632 /* GetMetadataForFile.m */ = {isa = PBXFileReference; fileEncoding = 4; lastKnownFileType = sourcecode.c.objc; path = GetMetadataForFile.m; sourceTree = "<group>"; };
		F48E519311A8BBE800112632 /* main.c */ = {isa = PBXFileReference; fileEncoding = 4; lastKnownFileType = sourcecode.c.c; path = main.c; sourceTree = "<group>"; };
		F48E519411A8BC4600112632 /* Info.plist */ = {isa = PBXFileReference; fileEncoding = 4; lastKnownFileType = text.plist.xml; path = Info.plist; sourceTree = "<group>"; };
		F48E519611A8BC6E00112632 /* schema.xml */ = {isa = PBXFileReference; fileEncoding = 4; lastKnownFileType = text.xml; path = schema.xml; sourceTree = "<group>"; };
		F48E519811A8BC8200112632 /* English */ = {isa = PBXFileReference; fileEncoding = 10; lastKnownFileType = text.plist.strings; name = English; path = English.lproj/InfoPlist.strings; sourceTree = "<group>"; };
		F48E519A11A8BC9600112632 /* English */ = {isa = PBXFileReference; fileEncoding = 10; lastKnownFileType = text.plist.strings; name = English; path = English.lproj/schema.strings; sourceTree = "<group>"; };
		F48E51A511A8BCF300112632 /* XspfSpotlight.mdimporter */ = {isa = PBXFileReference; explicitFileType = wrapper.cfbundle; includeInIndex = 0; path = XspfSpotlight.mdimporter; sourceTree = BUILT_PRODUCTS_DIR; };
		F48FDF170E7D4EE7001C33F3 /* XspfQTInformationWindowController.h */ = {isa = PBXFileReference; fileEncoding = 4; lastKnownFileType = sourcecode.c.h; path = XspfQTInformationWindowController.h; sourceTree = "<group>"; };
		F48FDF180E7D4EE7001C33F3 /* XspfQTInformationWindowController.m */ = {isa = PBXFileReference; fileEncoding = 4; lastKnownFileType = sourcecode.c.objc; path = XspfQTInformationWindowController.m; sourceTree = "<group>"; };
		F492C1D70F55627B00D0C72A /* ApplicationServices.framework */ = {isa = PBXFileReference; lastKnownFileType = wrapper.framework; name = ApplicationServices.framework; path = /System/Library/Frameworks/ApplicationServices.framework; sourceTree = "<absolute>"; };
		F49C304C0E68284C007F2DEC /* QTKit.framework */ = {isa = PBXFileReference; lastKnownFileType = wrapper.framework; name = QTKit.framework; path = /System/Library/Frameworks/QTKit.framework; sourceTree = "<absolute>"; };
		F49C31EB0E682D66007F2DEC /* Foundation.framework */ = {isa = PBXFileReference; lastKnownFileType = wrapper.framework; name = Foundation.framework; path = /System/Library/Frameworks/Foundation.framework; sourceTree = "<absolute>"; };
		F4ADCEB511CD1FB1003631B7 /* Japanese */ = {isa = PBXFileReference; lastKnownFileType = text.plist.strings; name = Japanese; path = Japanese.lproj/InfoPlist.strings; sourceTree = "<group>"; };
		F4B8096C0F6EB373004BF2DD /* XspfQTPreferenceWindowController.h */ = {isa = PBXFileReference; fileEncoding = 4; lastKnownFileType = sourcecode.c.h; path = XspfQTPreferenceWindowController.h; sourceTree = "<group>"; };
		F4B8096D0F6EB373004BF2DD /* XspfQTPreferenceWindowController.m */ = {isa = PBXFileReference; fileEncoding = 4; lastKnownFileType = sourcecode.c.objc; path = XspfQTPreferenceWindowController.m; sourceTree = "<group>"; };
		F4D24F8911C4969200232358 /* XspfQT.icns */ = {isa = PBXFileReference; lastKnownFileType = image.icns; path = XspfQT.icns; sourceTree = "<group>"; };
		F4D7CCCA0E868BFC0042F96C /* Japanese */ = {isa = PBXFileReference; fileEncoding = 10; lastKnownFileType = text.plist.strings; name = Japanese; path = Japanese.lproj/Localizable.strings; sourceTree = "<group>"; };
		F4D7CCCC0E868C090042F96C /* English */ = {isa = PBXFileReference; fileEncoding = 10; lastKnownFileType = text.plist.strings; name = English; path = English.lproj/Localizable.strings; sourceTree = "<group>"; };
		F4D7CCEA0E8690E90042F96C /* English */ = {isa = PBXFileReference; fileEncoding = 4; lastKnownFileType = text; name = English; path = English.lproj/Localizable.strings.sed; sourceTree = "<group>"; };
		F4D7CCEB0E8690F90042F96C /* Japanese */ = {isa = PBXFileReference; lastKnownFileType = text; name = Japanese; path = Japanese.lproj/Localizable.strings.sed; sourceTree = "<group>"; };
		F4D99B1E0E6B0F59006D72F4 /* Carbon.framework */ = {isa = PBXFileReference; lastKnownFileType = wrapper.framework; name = Carbon.framework; path = /System/Library/Frameworks/Carbon.framework; sourceTree = "<absolute>"; };
		F4DAE4CF11B23EDD0047BEDA /* RemoteControl.h */ = {isa = PBXFileReference; fileEncoding = 4; lastKnownFileType = sourcecode.c.h; path = RemoteControl.h; sourceTree = "<group>"; };
		F4DAE4D011B23EDD0047BEDA /* RemoteControl.m */ = {isa = PBXFileReference; fileEncoding = 4; lastKnownFileType = sourcecode.c.objc; path = RemoteControl.m; sourceTree = "<group>"; };
		F4DAE4D111B23EDD0047BEDA /* HIDRemoteControlDevice.h */ = {isa = PBXFileReference; fileEncoding = 4; lastKnownFileType = sourcecode.c.h; path = HIDRemoteControlDevice.h; sourceTree = "<group>"; };
		F4DAE4D211B23EDD0047BEDA /* HIDRemoteControlDevice.m */ = {isa = PBXFileReference; fileEncoding = 4; lastKnownFileType = sourcecode.c.objc; path = HIDRemoteControlDevice.m; sourceTree = "<group>"; };
		F4DAE4D311B23EDD0047BEDA /* AppleRemote.h */ = {isa = PBXFileReference; fileEncoding = 4; lastKnownFileType = sourcecode.c.h; path = AppleRemote.h; sourceTree = "<group>"; };
		F4DAE4D411B23EDD0047BEDA /* AppleRemote.m */ = {isa = PBXFileReference; fileEncoding = 4; lastKnownFileType = sourcecode.c.objc; path = AppleRemote.m; sourceTree = "<group>"; };
		F4DAE4D511B23EDD0047BEDA /* MultiClickRemoteBehavior.h */ = {isa = PBXFileReference; fileEncoding = 4; lastKnownFileType = sourcecode.c.h; path = MultiClickRemoteBehavior.h; sourceTree = "<group>"; };
		F4DAE4D611B23EDD0047BEDA /* MultiClickRemoteBehavior.m */ = {isa = PBXFileReference; fileEncoding = 4; lastKnownFileType = sourcecode.c.objc; path = MultiClickRemoteBehavior.m; sourceTree = "<group>"; };
		F4DAE4E511B2442C0047BEDA /* IOKit.framework */ = {isa = PBXFileReference; lastKnownFileType = wrapper.framework; name = IOKit.framework; path = System/Library/Frameworks/IOKit.framework; sourceTree = SDKROOT; };
		F4DAE5E611B24AB80047BEDA /* license.txt */ = {isa = PBXFileReference; fileEncoding = 4; lastKnownFileType = text; path = license.txt; sourceTree = "<group>"; };
/* End PBXFileReference section */

/* Begin PBXFrameworksBuildPhase section */
		8D15AC330486D014006FF6A4 /* Frameworks */ = {
			isa = PBXFrameworksBuildPhase;
			buildActionMask = 2147483647;
			files = (
				8D15AC340486D014006FF6A4 /* Cocoa.framework in Frameworks */,
				F49C304D0E68284C007F2DEC /* QTKit.framework in Frameworks */,
				F49C31EC0E682D66007F2DEC /* Foundation.framework in Frameworks */,
				F4D99B1F0E6B0F59006D72F4 /* Carbon.framework in Frameworks */,
				F492C1D80F55627B00D0C72A /* ApplicationServices.framework in Frameworks */,
				F4DAE4E611B2442C0047BEDA /* IOKit.framework in Frameworks */,
			);
			runOnlyForDeploymentPostprocessing = 0;
		};
		F426BB2F1083282A0084E8C5 /* Frameworks */ = {
			isa = PBXFrameworksBuildPhase;
			buildActionMask = 2147483647;
			files = (
				F426BB61108329A20084E8C5 /* AppKit.framework in Frameworks */,
				F426BB62108329A40084E8C5 /* ApplicationServices.framework in Frameworks */,
				F426BB63108329A50084E8C5 /* Carbon.framework in Frameworks */,
				F426BB64108329A80084E8C5 /* CoreData.framework in Frameworks */,
				F426BB65108329AA0084E8C5 /* QTKit.framework in Frameworks */,
				F426BB67108329DC0084E8C5 /* QuickLook.framework in Frameworks */,
			);
			runOnlyForDeploymentPostprocessing = 0;
		};
		F48E51A311A8BCF300112632 /* Frameworks */ = {
			isa = PBXFrameworksBuildPhase;
			buildActionMask = 2147483647;
			files = (
				F4854C3E11A8C18B00E83859 /* CoreServices.framework in Frameworks */,
				F4854C3F11A8C18D00E83859 /* CoreFoundation.framework in Frameworks */,
				F4854E2111A8D0BB00E83859 /* Foundation.framework in Frameworks */,
				F4854ECD11A8DED500E83859 /* QTKit.framework in Frameworks */,
			);
			runOnlyForDeploymentPostprocessing = 0;
		};
/* End PBXFrameworksBuildPhase section */

/* Begin PBXGroup section */
		1058C7A6FEA54F5311CA2CBB /* Linked Frameworks */ = {
			isa = PBXGroup;
			children = (
				1058C7A7FEA54F5311CA2CBB /* Cocoa.framework */,
			);
			name = "Linked Frameworks";
			sourceTree = "<group>";
		};
		1058C7A8FEA54F5311CA2CBB /* Other Frameworks */ = {
			isa = PBXGroup;
			children = (
				F4DAE4E511B2442C0047BEDA /* IOKit.framework */,
				F4854B5211A8C17700E83859 /* CoreServices.framework */,
				F4854B4C11A8C14900E83859 /* CoreFoundation.framework */,
				F492C1D70F55627B00D0C72A /* ApplicationServices.framework */,
				F4D99B1E0E6B0F59006D72F4 /* Carbon.framework */,
				F49C304C0E68284C007F2DEC /* QTKit.framework */,
				2A37F4C4FDCFA73011CA2CEA /* AppKit.framework */,
				13E42FBA07B3F13500E4EEF1 /* CoreData.framework */,
				F49C31EB0E682D66007F2DEC /* Foundation.framework */,
			);
			name = "Other Frameworks";
			sourceTree = "<group>";
		};
		19C28FB0FE9D524F11CA2CBB /* Products */ = {
			isa = PBXGroup;
			children = (
				8D15AC370486D014006FF6A4 /* XspfQT.app */,
				F426BB311083282A0084E8C5 /* XspfQuickLook.qlgenerator */,
				F48E51A511A8BCF300112632 /* XspfSpotlight.mdimporter */,
			);
			name = Products;
			sourceTree = "<group>";
		};
		2A37F4AAFDCFA73011CA2CEA /* XspfQT */ = {
			isa = PBXGroup;
			children = (
				F4DAE4CE11B23EC80047BEDA /* AppleRemoteControlWrapper */,
				F48E518111A8BB8900112632 /* SpotlightPlugIn */,
				F47DF8CD108325D800DF2C17 /* QuickLookPlugIn */,
				2A37F4ABFDCFA73011CA2CEA /* Classes */,
				2A37F4AFFDCFA73011CA2CEA /* Other Sources */,
				2A37F4B8FDCFA73011CA2CEA /* Resources */,
				2A37F4C3FDCFA73011CA2CEA /* Frameworks */,
				19C28FB0FE9D524F11CA2CBB /* Products */,
			);
			name = XspfQT;
			sourceTree = "<group>";
		};
		2A37F4ABFDCFA73011CA2CEA /* Classes */ = {
			isa = PBXGroup;
			children = (
				F44805091098AD5F0014C2BB /* BSSUtil.h */,
				F448050A1098AD5F0014C2BB /* BSSUtil.m */,
				F484FD8E0F6C8F1F007C5596 /* CocoaExtentions */,
				F484FD8D0F6C8EDF007C5596 /* XspfQTComponent */,
				F44806EA109C6E440014C2BB /* XspfQTMovieTimer.h */,
				F44806EB109C6E440014C2BB /* XspfQTMovieTimer.m */,
				F441DE5A0E6A2BDA009320B6 /* XspfQTAppDelegate.h */,
				F441DE5B0E6A2BDA009320B6 /* XspfQTAppDelegate.m */,
				F41AC3500F7F0B88003B3DF0 /* XspfQTPreference.h */,
				F41AC3510F7F0B88003B3DF0 /* XspfQTPreference.m */,
				2A37F4AEFDCFA73011CA2CEA /* XspfQTDocument.h */,
				2A37F4ACFDCFA73011CA2CEA /* XspfQTDocument.m */,
				F441DCA30E69B82B009320B6 /* XspfQTMovieWindowController.h */,
				F441DCA40E69B82B009320B6 /* XspfQTMovieWindowController.m */,
				F441E0660E6A5131009320B6 /* XspfQTPlayListWindowController.h */,
				F441E0670E6A5131009320B6 /* XspfQTPlayListWindowController.m */,
				F48FDF170E7D4EE7001C33F3 /* XspfQTInformationWindowController.h */,
				F48FDF180E7D4EE7001C33F3 /* XspfQTInformationWindowController.m */,
				F4B8096C0F6EB373004BF2DD /* XspfQTPreferenceWindowController.h */,
				F4B8096D0F6EB373004BF2DD /* XspfQTPreferenceWindowController.m */,
				F441DE560E6A2B5F009320B6 /* XspfQTValueTransformers.h */,
				F441DE570E6A2B5F009320B6 /* XspfQTValueTransformers.m */,
				F441DEC90E6A399D009320B6 /* XspfQTFullScreenWindow.h */,
				F441DECA0E6A399D009320B6 /* XspfQTFullScreenWindow.m */,
				F48B5B1E0F54388100E0D1D0 /* XspfQTMovieWindow.h */,
				F48B5B1F0F54388100E0D1D0 /* XspfQTMovieWindow.m */,
				F48DD1920F62A58E008A199C /* XspfQTMovieView.h */,
				F48DD1930F62A58E008A199C /* XspfQTMovieView.m */,
				F484FC790F6BEB6F007C5596 /* XspfQTMovieLoader.h */,
				F484FC7A0F6BEB6F007C5596 /* XspfQTMovieLoader.m */,
			);
			name = Classes;
			sourceTree = "<group>";
		};
		2A37F4AFFDCFA73011CA2CEA /* Other Sources */ = {
			isa = PBXGroup;
			children = (
				32DBCF750370BD2300C91783 /* XspfQT_Prefix.pch */,
				2A37F4B0FDCFA73011CA2CEA /* main.m */,
			);
			name = "Other Sources";
			sourceTree = "<group>";
		};
		2A37F4B8FDCFA73011CA2CEA /* Resources */ = {
			isa = PBXGroup;
			children = (
				F4D24F8911C4969200232358 /* XspfQT.icns */,
				F45B04E2119F8CC7007BB540 /* Credits.rtf */,
				F48B369B1130A87100D1DE39 /* XspfQTPreference.xib */,
				F48B36A11130A90A00D1DE39 /* XspfQTImformation.xib */,
				F48B36A71130A97000D1DE39 /* XspfQTPlayList.xib */,
				F48B36AD1130A9AA00D1DE39 /* XspfQTDocument.xib */,
				F48B36B31130A9E700D1DE39 /* MainMenu.xib */,
				F4D7CCE90E8690E90042F96C /* Localizable.strings.sed */,
				F4D7CCC90E868BFC0042F96C /* Localizable.strings */,
				8D15AC360486D014006FF6A4 /* Info.plist */,
				089C165FFE840EACC02AAC07 /* InfoPlist.strings */,
			);
			name = Resources;
			sourceTree = "<group>";
		};
		2A37F4C3FDCFA73011CA2CEA /* Frameworks */ = {
			isa = PBXGroup;
			children = (
				1058C7A6FEA54F5311CA2CBB /* Linked Frameworks */,
				1058C7A8FEA54F5311CA2CBB /* Other Frameworks */,
			);
			name = Frameworks;
			sourceTree = "<group>";
		};
		F47DF8CD108325D800DF2C17 /* QuickLookPlugIn */ = {
			isa = PBXGroup;
			children = (
				F426BBFA108344260084E8C5 /* XspfQLUtilities.m */,
				F426BBFB108344260084E8C5 /* XspfQLUtilities.h */,
				F47DF8DA1083262000DF2C17 /* InfoPlist.strings */,
				F47DF8D11083260600DF2C17 /* GeneratePreviewForURL.m */,
				F47DF8D21083260600DF2C17 /* GenerateThumbnailForURL.m */,
				F47DF8D31083260600DF2C17 /* Info.plist */,
				F47DF8D41083260600DF2C17 /* main.c */,
				F426BB66108329DC0084E8C5 /* QuickLook.framework */,
			);
			path = QuickLookPlugIn;
			sourceTree = "<group>";
		};
		F484FD8D0F6C8EDF007C5596 /* XspfQTComponent */ = {
			isa = PBXGroup;
			children = (
				F48B33DE112C253C00D1DE39 /* HMXSPFComponent.h */,
				F48B33DF112C253C00D1DE39 /* HMXSPFComponent.m */,
				F48B33E0112C253C00D1DE39 /* HMXSPFContainerComponent.h */,
				F48B33E1112C253C00D1DE39 /* HMXSPFContainerComponent.m */,
				F48B33E2112C253C00D1DE39 /* HMXSPFPlaceholderComponent.h */,
				F48B33E3112C253C00D1DE39 /* HMXSPFPlaceholderComponent.m */,
				F48B33E4112C253C00D1DE39 /* HMXSPFPlaylist.h */,
				F48B33E5112C253C00D1DE39 /* HMXSPFPlaylist.m */,
				F48B33E6112C253C00D1DE39 /* HMXSPFTrack.h */,
				F48B33E7112C253C00D1DE39 /* HMXSPFTrack.m */,
				F48B33E8112C253C00D1DE39 /* HMXSPFTrackList.h */,
				F48B33E9112C253C00D1DE39 /* HMXSPFTrackList.m */,
			);
			name = XspfQTComponent;
			sourceTree = "<group>";
		};
		F484FD8E0F6C8F1F007C5596 /* CocoaExtentions */ = {
			isa = PBXGroup;
			children = (
				F48B33F6112C255800D1DE39 /* NSAppleEventDescriptor-HMExtensions.h */,
				F48B33F7112C255800D1DE39 /* NSAppleEventDescriptor-HMExtensions.m */,
				F48B33F8112C255800D1DE39 /* NSPathUtilities-HMExtensions.h */,
				F48B33F9112C255800D1DE39 /* NSPathUtilities-HMExtensions.m */,
				F48B33FA112C255800D1DE39 /* NSURL-HMExtensions.h */,
				F48B33FB112C255800D1DE39 /* NSURL-HMExtensions.m */,
				F48B33FC112C255800D1DE39 /* NSWorkspace-HMExtensions.h */,
				F48B33FD112C255800D1DE39 /* NSWorkspace-HMExtensions.m */,
			);
			name = CocoaExtentions;
			sourceTree = "<group>";
		};
		F48E518111A8BB8900112632 /* SpotlightPlugIn */ = {
			isa = PBXGroup;
			children = (
				F48E519911A8BC9600112632 /* schema.strings */,
				F48E519711A8BC8200112632 /* InfoPlist.strings */,
				F48E519611A8BC6E00112632 /* schema.xml */,
				F48E519411A8BC4600112632 /* Info.plist */,
				F48E519311A8BBE800112632 /* main.c */,
				F48E519211A8BBDC00112632 /* GetMetadataForFile.m */,
			);
			path = SpotlightPlugIn;
			sourceTree = "<group>";
		};
		F4DAE4CE11B23EC80047BEDA /* AppleRemoteControlWrapper */ = {
			isa = PBXGroup;
			children = (
				F4DAE5E611B24AB80047BEDA /* license.txt */,
				F4DAE4CF11B23EDD0047BEDA /* RemoteControl.h */,
				F4DAE4D011B23EDD0047BEDA /* RemoteControl.m */,
				F4DAE4D111B23EDD0047BEDA /* HIDRemoteControlDevice.h */,
				F4DAE4D211B23EDD0047BEDA /* HIDRemoteControlDevice.m */,
				F4DAE4D311B23EDD0047BEDA /* AppleRemote.h */,
				F4DAE4D411B23EDD0047BEDA /* AppleRemote.m */,
				F4DAE4D511B23EDD0047BEDA /* MultiClickRemoteBehavior.h */,
				F4DAE4D611B23EDD0047BEDA /* MultiClickRemoteBehavior.m */,
			);
			path = AppleRemoteControlWrapper;
			sourceTree = "<group>";
		};
/* End PBXGroup section */

/* Begin PBXNativeTarget section */
		8D15AC270486D014006FF6A4 /* XspfQT */ = {
			isa = PBXNativeTarget;
			buildConfigurationList = C05733C708A9546B00998B17 /* Build configuration list for PBXNativeTarget "XspfQT" */;
			buildPhases = (
				8D15AC2B0486D014006FF6A4 /* Resources */,
				8D15AC300486D014006FF6A4 /* Sources */,
				8D15AC330486D014006FF6A4 /* Frameworks */,
				F4EA118910830E2E003C8C87 /* CopyFiles */,
			);
			buildRules = (
			);
			dependencies = (
				F426BB9110832B0C0084E8C5 /* PBXTargetDependency */,
			);
			name = XspfQT;
			productInstallPath = "$(HOME)/Applications";
			productName = XspfQT;
			productReference = 8D15AC370486D014006FF6A4 /* XspfQT.app */;
			productType = "com.apple.product-type.application";
		};
		F426BB301083282A0084E8C5 /* XspfQuickLook */ = {
			isa = PBXNativeTarget;
			buildConfigurationList = F426BB351083282C0084E8C5 /* Build configuration list for PBXNativeTarget "XspfQuickLook" */;
			buildPhases = (
				F426BB2D1083282A0084E8C5 /* Resources */,
				F426BB2E1083282A0084E8C5 /* Sources */,
				F426BB2F1083282A0084E8C5 /* Frameworks */,
			);
			buildRules = (
			);
			dependencies = (
			);
			name = XspfQuickLook;
			productName = XspfQuickLookPlugIn;
			productReference = F426BB311083282A0084E8C5 /* XspfQuickLook.qlgenerator */;
			productType = "com.apple.product-type.bundle";
		};
		F48E51A411A8BCF300112632 /* XspfSpotlight */ = {
			isa = PBXNativeTarget;
			buildConfigurationList = F48E51A911A8BCF300112632 /* Build configuration list for PBXNativeTarget "XspfSpotlight" */;
			buildPhases = (
				F48E51A111A8BCF300112632 /* Resources */,
				F48E51A211A8BCF300112632 /* Sources */,
				F48E51A311A8BCF300112632 /* Frameworks */,
			);
			buildRules = (
			);
			dependencies = (
			);
			name = XspfSpotlight;
			productName = XspfSpotlight;
			productReference = F48E51A511A8BCF300112632 /* XspfSpotlight.mdimporter */;
			productType = "com.apple.product-type.bundle";
		};
/* End PBXNativeTarget section */

/* Begin PBXProject section */
		2A37F4A9FDCFA73011CA2CEA /* Project object */ = {
			isa = PBXProject;
			attributes = {
				ORGANIZATIONNAME = masakih;
			};
			buildConfigurationList = C05733CB08A9546B00998B17 /* Build configuration list for PBXProject "XspfQT" */;
			compatibilityVersion = "Xcode 3.0";
			hasScannedForEncodings = 1;
			mainGroup = 2A37F4AAFDCFA73011CA2CEA /* XspfQT */;
			projectDirPath = "";
			projectRoot = "";
			targets = (
				8D15AC270486D014006FF6A4 /* XspfQT */,
				F426BB301083282A0084E8C5 /* XspfQuickLook */,
				F48E51A411A8BCF300112632 /* XspfSpotlight */,
			);
		};
/* End PBXProject section */

/* Begin PBXResourcesBuildPhase section */
		8D15AC2B0486D014006FF6A4 /* Resources */ = {
			isa = PBXResourcesBuildPhase;
			buildActionMask = 2147483647;
			files = (
				8D15AC2F0486D014006FF6A4 /* InfoPlist.strings in Resources */,
				F4D7CCCB0E868BFC0042F96C /* Localizable.strings in Resources */,
				F48B369D1130A87100D1DE39 /* XspfQTPreference.xib in Resources */,
				F48B36A31130A90A00D1DE39 /* XspfQTImformation.xib in Resources */,
				F48B36A91130A97000D1DE39 /* XspfQTPlayList.xib in Resources */,
				F48B36AF1130A9AA00D1DE39 /* XspfQTDocument.xib in Resources */,
				F48B36B51130A9E700D1DE39 /* MainMenu.xib in Resources */,
				F45B04E3119F8CC7007BB540 /* Credits.rtf in Resources */,
				F4DAE5E711B24AB80047BEDA /* license.txt in Resources */,
				F4D24F8A11C4969200232358 /* XspfQT.icns in Resources */,
			);
			runOnlyForDeploymentPostprocessing = 0;
		};
		F426BB2D1083282A0084E8C5 /* Resources */ = {
			isa = PBXResourcesBuildPhase;
			buildActionMask = 2147483647;
			files = (
				F426BB4D1083291B0084E8C5 /* InfoPlist.strings in Resources */,
			);
			runOnlyForDeploymentPostprocessing = 0;
		};
		F48E51A111A8BCF300112632 /* Resources */ = {
			isa = PBXResourcesBuildPhase;
			buildActionMask = 2147483647;
			files = (
				F4854B4A11A8C12400E83859 /* InfoPlist.strings in Resources */,
			);
			runOnlyForDeploymentPostprocessing = 0;
		};
/* End PBXResourcesBuildPhase section */

/* Begin PBXSourcesBuildPhase section */
		8D15AC300486D014006FF6A4 /* Sources */ = {
			isa = PBXSourcesBuildPhase;
			buildActionMask = 2147483647;
			files = (
				8D15AC310486D014006FF6A4 /* XspfQTDocument.m in Sources */,
				8D15AC320486D014006FF6A4 /* main.m in Sources */,
				F441DCA50E69B82B009320B6 /* XspfQTMovieWindowController.m in Sources */,
				F441DE580E6A2B5F009320B6 /* XspfQTValueTransformers.m in Sources */,
				F441DE5C0E6A2BDA009320B6 /* XspfQTAppDelegate.m in Sources */,
				F441DECB0E6A399D009320B6 /* XspfQTFullScreenWindow.m in Sources */,
				F441E0680E6A5131009320B6 /* XspfQTPlayListWindowController.m in Sources */,
				F48FDF190E7D4EE7001C33F3 /* XspfQTInformationWindowController.m in Sources */,
				F48B5B200F54388100E0D1D0 /* XspfQTMovieWindow.m in Sources */,
				F48DD1940F62A58E008A199C /* XspfQTMovieView.m in Sources */,
				F484FC7B0F6BEB6F007C5596 /* XspfQTMovieLoader.m in Sources */,
				F4B8096E0F6EB373004BF2DD /* XspfQTPreferenceWindowController.m in Sources */,
				F41AC3520F7F0B88003B3DF0 /* XspfQTPreference.m in Sources */,
				F448050B1098AD5F0014C2BB /* BSSUtil.m in Sources */,
				F44806EC109C6E440014C2BB /* XspfQTMovieTimer.m in Sources */,
				F48B33EA112C253C00D1DE39 /* HMXSPFComponent.m in Sources */,
				F48B33EB112C253C00D1DE39 /* HMXSPFContainerComponent.m in Sources */,
				F48B33EC112C253C00D1DE39 /* HMXSPFPlaceholderComponent.m in Sources */,
				F48B33ED112C253C00D1DE39 /* HMXSPFPlaylist.m in Sources */,
				F48B33EE112C253C00D1DE39 /* HMXSPFTrack.m in Sources */,
				F48B33EF112C253C00D1DE39 /* HMXSPFTrackList.m in Sources */,
				F48B33FE112C255800D1DE39 /* NSAppleEventDescriptor-HMExtensions.m in Sources */,
				F48B33FF112C255800D1DE39 /* NSPathUtilities-HMExtensions.m in Sources */,
				F48B3400112C255800D1DE39 /* NSURL-HMExtensions.m in Sources */,
				F48B3401112C255800D1DE39 /* NSWorkspace-HMExtensions.m in Sources */,
				F4DAE4D711B23EDD0047BEDA /* RemoteControl.m in Sources */,
				F4DAE4D811B23EDD0047BEDA /* HIDRemoteControlDevice.m in Sources */,
				F4DAE4D911B23EDD0047BEDA /* AppleRemote.m in Sources */,
				F4DAE4DA11B23EDD0047BEDA /* MultiClickRemoteBehavior.m in Sources */,
			);
			runOnlyForDeploymentPostprocessing = 0;
		};
		F426BB2E1083282A0084E8C5 /* Sources */ = {
			isa = PBXSourcesBuildPhase;
			buildActionMask = 2147483647;
			files = (
				F426BB4E108329400084E8C5 /* GenerateThumbnailForURL.m in Sources */,
				F426BB4F108329420084E8C5 /* GeneratePreviewForURL.m in Sources */,
				F426BB50108329450084E8C5 /* main.c in Sources */,
				F426BBFC108344260084E8C5 /* XspfQLUtilities.m in Sources */,
				F426BC96108357890084E8C5 /* XspfQTValueTransformers.m in Sources */,
				F48B33F0112C253C00D1DE39 /* HMXSPFComponent.m in Sources */,
				F48B33F1112C253C00D1DE39 /* HMXSPFContainerComponent.m in Sources */,
				F48B33F2112C253C00D1DE39 /* HMXSPFPlaceholderComponent.m in Sources */,
				F48B33F3112C253C00D1DE39 /* HMXSPFPlaylist.m in Sources */,
				F48B33F4112C253C00D1DE39 /* HMXSPFTrack.m in Sources */,
				F48B33F5112C253C00D1DE39 /* HMXSPFTrackList.m in Sources */,
				F48B3402112C255800D1DE39 /* NSAppleEventDescriptor-HMExtensions.m in Sources */,
				F48B3403112C255800D1DE39 /* NSPathUtilities-HMExtensions.m in Sources */,
				F48B3404112C255800D1DE39 /* NSURL-HMExtensions.m in Sources */,
				F48B3405112C255800D1DE39 /* NSWorkspace-HMExtensions.m in Sources */,
			);
			runOnlyForDeploymentPostprocessing = 0;
		};
		F48E51A211A8BCF300112632 /* Sources */ = {
			isa = PBXSourcesBuildPhase;
			buildActionMask = 2147483647;
			files = (
				F4854B3111A8C01F00E83859 /* GetMetadataForFile.m in Sources */,
				F4854B3211A8C02100E83859 /* main.c in Sources */,
				F4854E2511A8D0C900E83859 /* HMXSPFComponent.m in Sources */,
				F4854E2611A8D0CB00E83859 /* HMXSPFContainerComponent.m in Sources */,
				F4854E2711A8D0CC00E83859 /* HMXSPFPlaceholderComponent.m in Sources */,
				F4854E2811A8D0CD00E83859 /* HMXSPFPlaylist.m in Sources */,
				F4854E2911A8D0CE00E83859 /* HMXSPFTrack.m in Sources */,
				F4854E2A11A8D0D000E83859 /* HMXSPFTrackList.m in Sources */,
				F4854E8D11A8D9E600E83859 /* NSPathUtilities-HMExtensions.m in Sources */,
				F4854E9811A8DA0300E83859 /* NSURL-HMExtensions.m in Sources */,
			);
			runOnlyForDeploymentPostprocessing = 0;
		};
/* End PBXSourcesBuildPhase section */

/* Begin PBXTargetDependency section */
		F426BB9110832B0C0084E8C5 /* PBXTargetDependency */ = {
			isa = PBXTargetDependency;
			target = F426BB301083282A0084E8C5 /* XspfQuickLook */;
			targetProxy = F426BB9010832B0C0084E8C5 /* PBXContainerItemProxy */;
		};
/* End PBXTargetDependency section */

/* Begin PBXVariantGroup section */
		089C165FFE840EACC02AAC07 /* InfoPlist.strings */ = {
			isa = PBXVariantGroup;
			children = (
				089C1660FE840EACC02AAC07 /* English */,
				F4ADCEB511CD1FB1003631B7 /* Japanese */,
			);
			name = InfoPlist.strings;
			sourceTree = "<group>";
		};
		F47DF8DA1083262000DF2C17 /* InfoPlist.strings */ = {
			isa = PBXVariantGroup;
			children = (
				F47DF8DB1083262000DF2C17 /* English */,
			);
			name = InfoPlist.strings;
			sourceTree = "<group>";
		};
		F48B369B1130A87100D1DE39 /* XspfQTPreference.xib */ = {
			isa = PBXVariantGroup;
			children = (
				F48B369C1130A87100D1DE39 /* English */,
				F48B369F1130A8E300D1DE39 /* Japanese */,
			);
			name = XspfQTPreference.xib;
			sourceTree = "<group>";
		};
		F48B36A11130A90A00D1DE39 /* XspfQTImformation.xib */ = {
			isa = PBXVariantGroup;
			children = (
				F48B36A21130A90A00D1DE39 /* English */,
				F48B36A51130A95100D1DE39 /* Japanese */,
			);
			name = XspfQTImformation.xib;
			sourceTree = "<group>";
		};
		F48B36A71130A97000D1DE39 /* XspfQTPlayList.xib */ = {
			isa = PBXVariantGroup;
			children = (
				F48B36A81130A97000D1DE39 /* English */,
				F48B36AB1130A99000D1DE39 /* Japanese */,
			);
			name = XspfQTPlayList.xib;
			sourceTree = "<group>";
		};
		F48B36AD1130A9AA00D1DE39 /* XspfQTDocument.xib */ = {
			isa = PBXVariantGroup;
			children = (
				F48B36AE1130A9AA00D1DE39 /* English */,
				F48B36B11130A9C300D1DE39 /* Japanese */,
			);
			name = XspfQTDocument.xib;
			sourceTree = "<group>";
		};
		F48B36B31130A9E700D1DE39 /* MainMenu.xib */ = {
			isa = PBXVariantGroup;
			children = (
				F48B36B41130A9E700D1DE39 /* English */,
				F48B36B71130A9FC00D1DE39 /* Japanese */,
			);
			name = MainMenu.xib;
			sourceTree = "<group>";
		};
		F48E519711A8BC8200112632 /* InfoPlist.strings */ = {
			isa = PBXVariantGroup;
			children = (
				F48E519811A8BC8200112632 /* English */,
			);
			name = InfoPlist.strings;
			sourceTree = "<group>";
		};
		F48E519911A8BC9600112632 /* schema.strings */ = {
			isa = PBXVariantGroup;
			children = (
				F48E519A11A8BC9600112632 /* English */,
			);
			name = schema.strings;
			sourceTree = "<group>";
		};
		F4D7CCC90E868BFC0042F96C /* Localizable.strings */ = {
			isa = PBXVariantGroup;
			children = (
				F4D7CCCA0E868BFC0042F96C /* Japanese */,
				F4D7CCCC0E868C090042F96C /* English */,
			);
			name = Localizable.strings;
			sourceTree = "<group>";
		};
		F4D7CCE90E8690E90042F96C /* Localizable.strings.sed */ = {
			isa = PBXVariantGroup;
			children = (
				F4D7CCEA0E8690E90042F96C /* English */,
				F4D7CCEB0E8690F90042F96C /* Japanese */,
			);
			name = Localizable.strings.sed;
			sourceTree = "<group>";
		};
/* End PBXVariantGroup section */

/* Begin XCBuildConfiguration section */
		C05733C808A9546B00998B17 /* Debug */ = {
			isa = XCBuildConfiguration;
			buildSettings = {
				COPY_PHASE_STRIP = NO;
				GCC_DYNAMIC_NO_PIC = NO;
				GCC_ENABLE_FIX_AND_CONTINUE = YES;
				GCC_MODEL_TUNING = G4;
				GCC_OPTIMIZATION_LEVEL = 0;
				GCC_PRECOMPILE_PREFIX_HEADER = YES;
				GCC_PREFIX_HEADER = XspfQT_Prefix.pch;
				GCC_WARN_UNINITIALIZED_AUTOS = NO;
				GCC_WARN_UNUSED_FUNCTION = YES;
				GCC_WARN_UNUSED_LABEL = YES;
				IBC_STRIP_NIBS = NO;
				INFOPLIST_FILE = Info.plist;
				INSTALL_PATH = "$(HOME)/Applications";
				PRODUCT_NAME = XspfQT;
				WRAPPER_EXTENSION = app;
			};
			name = Debug;
		};
		C05733C908A9546B00998B17 /* Release */ = {
			isa = XCBuildConfiguration;
			buildSettings = {
				DEBUG_INFORMATION_FORMAT = "dwarf-with-dsym";
				GCC_MODEL_TUNING = G4;
				GCC_PRECOMPILE_PREFIX_HEADER = YES;
				GCC_PREFIX_HEADER = XspfQT_Prefix.pch;
				GCC_WARN_UNINITIALIZED_AUTOS = YES;
				GCC_WARN_UNUSED_FUNCTION = YES;
				GCC_WARN_UNUSED_LABEL = YES;
				IBC_STRIP_NIBS = NO;
				INFOPLIST_FILE = Info.plist;
				INSTALL_PATH = "$(HOME)/Applications";
				PRODUCT_NAME = XspfQT;
				WRAPPER_EXTENSION = app;
			};
			name = Release;
		};
		C05733CC08A9546B00998B17 /* Debug */ = {
			isa = XCBuildConfiguration;
			buildSettings = {
				GCC_WARN_ABOUT_RETURN_TYPE = YES;
				GCC_WARN_UNUSED_VARIABLE = YES;
				PREBINDING = NO;
				SDKROOT = "$(DEVELOPER_SDK_DIR)/MacOSX10.5.sdk";
			};
			name = Debug;
		};
		C05733CD08A9546B00998B17 /* Release */ = {
			isa = XCBuildConfiguration;
			buildSettings = {
				ARCHS = "$(ARCHS_STANDARD_32_64_BIT_PRE_XCODE_3_1)";
				ARCHS_STANDARD_32_64_BIT_PRE_XCODE_3_1 = "x86_64 i386 ppc";
				GCC_WARN_ABOUT_RETURN_TYPE = YES;
				GCC_WARN_UNUSED_VARIABLE = YES;
				PREBINDING = NO;
				SDKROOT = "$(DEVELOPER_SDK_DIR)/MacOSX10.5.sdk";
			};
			name = Release;
		};
		F426BB331083282B0084E8C5 /* Debug */ = {
			isa = XCBuildConfiguration;
			buildSettings = {
				ALWAYS_SEARCH_USER_PATHS = NO;
				COPY_PHASE_STRIP = NO;
				GCC_DYNAMIC_NO_PIC = NO;
				GCC_ENABLE_FIX_AND_CONTINUE = YES;
				GCC_OPTIMIZATION_LEVEL = 0;
				GCC_PRECOMPILE_PREFIX_HEADER = YES;
				INFOPLIST_FILE = QuickLookPlugIn/Info.plist;
				INSTALL_PATH = /Library/QuickLook;
				PREBINDING = NO;
				PRODUCT_NAME = XspfQuickLook;
				WRAPPER_EXTENSION = qlgenerator;
			};
			name = Debug;
		};
		F426BB341083282B0084E8C5 /* Release */ = {
			isa = XCBuildConfiguration;
			buildSettings = {
				ALWAYS_SEARCH_USER_PATHS = NO;
				COPY_PHASE_STRIP = YES;
				DEBUG_INFORMATION_FORMAT = "dwarf-with-dsym";
				GCC_ENABLE_FIX_AND_CONTINUE = NO;
				GCC_PRECOMPILE_PREFIX_HEADER = YES;
				INFOPLIST_FILE = QuickLookPlugIn/Info.plist;
				INSTALL_PATH = /Library/QuickLook;
				PREBINDING = NO;
				PRODUCT_NAME = XspfQuickLook;
				WRAPPER_EXTENSION = qlgenerator;
			};
			name = Release;
		};
		F48E51A711A8BCF300112632 /* Debug */ = {
			isa = XCBuildConfiguration;
			buildSettings = {
				ALWAYS_SEARCH_USER_PATHS = YES;
				ARCHS = "$(ARCHS_STANDARD_32_64_BIT_PRE_XCODE_3_1)";
				ARCHS_STANDARD_32_64_BIT_PRE_XCODE_3_1 = "x86_64 i386 ppc";
				COPY_PHASE_STRIP = NO;
				GCC_MODEL_TUNING = G5;
				GCC_OPTIMIZATION_LEVEL = 0;
				INFOPLIST_FILE = SpotlightPlugIn/Info.plist;
				INSTALL_PATH = /Library/Spotlight;
				ONLY_ACTIVE_ARCH = NO;
				OTHER_LDFLAGS = "";
				PREBINDING = NO;
				PRODUCT_NAME = XspfSpotlight;
				WRAPPER_EXTENSION = mdimporter;
			};
			name = Debug;
		};
		F48E51A811A8BCF300112632 /* Release */ = {
			isa = XCBuildConfiguration;
			buildSettings = {
				ALWAYS_SEARCH_USER_PATHS = YES;
				COPY_PHASE_STRIP = YES;
				DEBUG_INFORMATION_FORMAT = "dwarf-with-dsym";
				GCC_MODEL_TUNING = G5;
				INFOPLIST_FILE = SpotlightPlugIn/Info.plist;
				INSTALL_PATH = /Library/Spotlight;
				OTHER_LDFLAGS = "";
				PREBINDING = NO;
				PRODUCT_NAME = XspfSpotlight;
				WRAPPER_EXTENSION = mdimporter;
			};
			name = Release;
		};
/* End XCBuildConfiguration section */

/* Begin XCConfigurationList section */
		C05733C708A9546B00998B17 /* Build configuration list for PBXNativeTarget "XspfQT" */ = {
			isa = XCConfigurationList;
			buildConfigurations = (
				C05733C808A9546B00998B17 /* Debug */,
				C05733C908A9546B00998B17 /* Release */,
			);
			defaultConfigurationIsVisible = 0;
			defaultConfigurationName = Release;
		};
		C05733CB08A9546B00998B17 /* Build configuration list for PBXProject "XspfQT" */ = {
			isa = XCConfigurationList;
			buildConfigurations = (
				C05733CC08A9546B00998B17 /* Debug */,
				C05733CD08A9546B00998B17 /* Release */,
			);
			defaultConfigurationIsVisible = 0;
			defaultConfigurationName = Release;
		};
		F426BB351083282C0084E8C5 /* Build configuration list for PBXNativeTarget "XspfQuickLook" */ = {
			isa = XCConfigurationList;
			buildConfigurations = (
				F426BB331083282B0084E8C5 /* Debug */,
				F426BB341083282B0084E8C5 /* Release */,
			);
			defaultConfigurationIsVisible = 0;
			defaultConfigurationName = Release;
		};
		F48E51A911A8BCF300112632 /* Build configuration list for PBXNativeTarget "XspfSpotlight" */ = {
			isa = XCConfigurationList;
			buildConfigurations = (
				F48E51A711A8BCF300112632 /* Debug */,
				F48E51A811A8BCF300112632 /* Release */,
			);
			defaultConfigurationIsVisible = 0;
			defaultConfigurationName = Release;
		};
/* End XCConfigurationList section */
	};
	rootObject = 2A37F4A9FDCFA73011CA2CEA /* Project object */;
}
