// !$*UTF8*$!
{
	archiveVersion = 1;
	classes = {
	};
	objectVersion = 44;
	objects = {

/* Begin PBXBuildFile section */
		8D15AC2D0486D014006FF6A4 /* MainMenu.nib in Resources */ = {isa = PBXBuildFile; fileRef = 2A37F4B6FDCFA73011CA2CEA /* MainMenu.nib */; };
		8D15AC2F0486D014006FF6A4 /* InfoPlist.strings in Resources */ = {isa = PBXBuildFile; fileRef = 089C165FFE840EACC02AAC07 /* InfoPlist.strings */; };
		8D15AC310486D014006FF6A4 /* XspfQTDocument.m in Sources */ = {isa = PBXBuildFile; fileRef = 2A37F4ACFDCFA73011CA2CEA /* XspfQTDocument.m */; settings = {ATTRIBUTES = (); }; };
		8D15AC320486D014006FF6A4 /* main.m in Sources */ = {isa = PBXBuildFile; fileRef = 2A37F4B0FDCFA73011CA2CEA /* main.m */; settings = {ATTRIBUTES = (); }; };
		8D15AC340486D014006FF6A4 /* Cocoa.framework in Frameworks */ = {isa = PBXBuildFile; fileRef = 1058C7A7FEA54F5311CA2CBB /* Cocoa.framework */; };
		F41AC3520F7F0B88003B3DF0 /* XspfQTPreference.m in Sources */ = {isa = PBXBuildFile; fileRef = F41AC3510F7F0B88003B3DF0 /* XspfQTPreference.m */; };
		F426BB4D1083291B0084E8C5 /* InfoPlist.strings in Resources */ = {isa = PBXBuildFile; fileRef = F47DF8DA1083262000DF2C17 /* InfoPlist.strings */; };
		F426BB4E108329400084E8C5 /* GenerateThumbnailForURL.c in Sources */ = {isa = PBXBuildFile; fileRef = F47DF8D21083260600DF2C17 /* GenerateThumbnailForURL.c */; };
		F426BB4F108329420084E8C5 /* GeneratePreviewForURL.c in Sources */ = {isa = PBXBuildFile; fileRef = F47DF8D11083260600DF2C17 /* GeneratePreviewForURL.c */; };
		F426BB50108329450084E8C5 /* main.c in Sources */ = {isa = PBXBuildFile; fileRef = F47DF8D41083260600DF2C17 /* main.c */; };
		F426BB61108329A20084E8C5 /* AppKit.framework in Frameworks */ = {isa = PBXBuildFile; fileRef = 2A37F4C4FDCFA73011CA2CEA /* AppKit.framework */; };
		F426BB62108329A40084E8C5 /* ApplicationServices.framework in Frameworks */ = {isa = PBXBuildFile; fileRef = F492C1D70F55627B00D0C72A /* ApplicationServices.framework */; };
		F426BB63108329A50084E8C5 /* Carbon.framework in Frameworks */ = {isa = PBXBuildFile; fileRef = F4D99B1E0E6B0F59006D72F4 /* Carbon.framework */; };
		F426BB64108329A80084E8C5 /* CoreData.framework in Frameworks */ = {isa = PBXBuildFile; fileRef = 13E42FBA07B3F13500E4EEF1 /* CoreData.framework */; };
		F426BB65108329AA0084E8C5 /* QTKit.framework in Frameworks */ = {isa = PBXBuildFile; fileRef = F49C304C0E68284C007F2DEC /* QTKit.framework */; };
		F426BB67108329DC0084E8C5 /* QuickLook.framework in Frameworks */ = {isa = PBXBuildFile; fileRef = F426BB66108329DC0084E8C5 /* QuickLook.framework */; };
		F426BB7810832ABB0084E8C5 /* XspfQTComponent.m in Sources */ = {isa = PBXBuildFile; fileRef = F49C31CC0E682C3B007F2DEC /* XspfQTComponent.m */; };
		F426BB7910832ABC0084E8C5 /* XspfQTContainerComponent.m in Sources */ = {isa = PBXBuildFile; fileRef = F429BE510E8FAECB006EB717 /* XspfQTContainerComponent.m */; };
		F426BB7A10832ABE0084E8C5 /* XspfQTPlaceholderComponent.m in Sources */ = {isa = PBXBuildFile; fileRef = F46870230E71963E00B4DAED /* XspfQTPlaceholderComponent.m */; };
		F426BB7B10832ABF0084E8C5 /* XspfQTPlaylist.m in Sources */ = {isa = PBXBuildFile; fileRef = F429BD6F0E8F969A006EB717 /* XspfQTPlaylist.m */; };
		F426BB7C10832AC10084E8C5 /* XspfQTTrack.m in Sources */ = {isa = PBXBuildFile; fileRef = F49C31F50E682E2B007F2DEC /* XspfQTTrack.m */; };
		F426BB7D10832AC20084E8C5 /* XspfQTTrackList.m in Sources */ = {isa = PBXBuildFile; fileRef = F49C31F00E682D79007F2DEC /* XspfQTTrackList.m */; };
		F426BB8310832AF10084E8C5 /* XspfQuickLook.qlgenerator in CopyFiles */ = {isa = PBXBuildFile; fileRef = F426BB311083282A0084E8C5 /* XspfQuickLook.qlgenerator */; };
		F426BBC41083313F0084E8C5 /* NSPathUtilities-XspfQT-Extensions.m in Sources */ = {isa = PBXBuildFile; fileRef = F4B22C8E101BE195004D427C /* NSPathUtilities-XspfQT-Extensions.m */; };
		F426BBD71083328F0084E8C5 /* NSURL-XspfQT-Extensions.m in Sources */ = {isa = PBXBuildFile; fileRef = F484FD540F6C1AC6007C5596 /* NSURL-XspfQT-Extensions.m */; };
		F429BD700E8F969A006EB717 /* XspfQTPlaylist.m in Sources */ = {isa = PBXBuildFile; fileRef = F429BD6F0E8F969A006EB717 /* XspfQTPlaylist.m */; };
		F429BE520E8FAECB006EB717 /* XspfQTContainerComponent.m in Sources */ = {isa = PBXBuildFile; fileRef = F429BE510E8FAECB006EB717 /* XspfQTContainerComponent.m */; };
		F441DCA50E69B82B009320B6 /* XspfQTMovieWindowController.m in Sources */ = {isa = PBXBuildFile; fileRef = F441DCA40E69B82B009320B6 /* XspfQTMovieWindowController.m */; };
		F441DE580E6A2B5F009320B6 /* XspfQTValueTransformers.m in Sources */ = {isa = PBXBuildFile; fileRef = F441DE570E6A2B5F009320B6 /* XspfQTValueTransformers.m */; };
		F441DE5C0E6A2BDA009320B6 /* XspfQTAppDelegate.m in Sources */ = {isa = PBXBuildFile; fileRef = F441DE5B0E6A2BDA009320B6 /* XspfQTAppDelegate.m */; };
		F441DECB0E6A399D009320B6 /* XspfQTFullScreenWindow.m in Sources */ = {isa = PBXBuildFile; fileRef = F441DECA0E6A399D009320B6 /* XspfQTFullScreenWindow.m */; };
		F441E0680E6A5131009320B6 /* XspfQTPlayListWindowController.m in Sources */ = {isa = PBXBuildFile; fileRef = F441E0670E6A5131009320B6 /* XspfQTPlayListWindowController.m */; };
		F46870240E71963E00B4DAED /* XspfQTPlaceholderComponent.m in Sources */ = {isa = PBXBuildFile; fileRef = F46870230E71963E00B4DAED /* XspfQTPlaceholderComponent.m */; };
		F47E2B1C0E7E87DD00DB1BE6 /* XspfQTDocument.nib in Resources */ = {isa = PBXBuildFile; fileRef = F47E2B1A0E7E87DD00DB1BE6 /* XspfQTDocument.nib */; };
		F47E2B1F0E7E87FD00DB1BE6 /* XspfQTPlayList.nib in Resources */ = {isa = PBXBuildFile; fileRef = F47E2B1D0E7E87FD00DB1BE6 /* XspfQTPlayList.nib */; };
		F484FC7B0F6BEB6F007C5596 /* XspfQTMovieLoader.m in Sources */ = {isa = PBXBuildFile; fileRef = F484FC7A0F6BEB6F007C5596 /* XspfQTMovieLoader.m */; };
		F484FD550F6C1AC6007C5596 /* NSURL-XspfQT-Extensions.m in Sources */ = {isa = PBXBuildFile; fileRef = F484FD540F6C1AC6007C5596 /* NSURL-XspfQT-Extensions.m */; };
		F48B5B200F54388100E0D1D0 /* XspfQTMovieWindow.m in Sources */ = {isa = PBXBuildFile; fileRef = F48B5B1F0F54388100E0D1D0 /* XspfQTMovieWindow.m */; };
		F48DD1940F62A58E008A199C /* XspfQTMovieView.m in Sources */ = {isa = PBXBuildFile; fileRef = F48DD1930F62A58E008A199C /* XspfQTMovieView.m */; };
		F48FDF160E7D4EBE001C33F3 /* XspfQTImformation.nib in Resources */ = {isa = PBXBuildFile; fileRef = F48FDF140E7D4EBE001C33F3 /* XspfQTImformation.nib */; };
		F48FDF190E7D4EE7001C33F3 /* XspfQTInformationWindowController.m in Sources */ = {isa = PBXBuildFile; fileRef = F48FDF180E7D4EE7001C33F3 /* XspfQTInformationWindowController.m */; };
		F492C1D80F55627B00D0C72A /* ApplicationServices.framework in Frameworks */ = {isa = PBXBuildFile; fileRef = F492C1D70F55627B00D0C72A /* ApplicationServices.framework */; };
		F49C304D0E68284C007F2DEC /* QTKit.framework in Frameworks */ = {isa = PBXBuildFile; fileRef = F49C304C0E68284C007F2DEC /* QTKit.framework */; };
		F49C31CD0E682C3B007F2DEC /* XspfQTComponent.m in Sources */ = {isa = PBXBuildFile; fileRef = F49C31CC0E682C3B007F2DEC /* XspfQTComponent.m */; };
		F49C31EC0E682D66007F2DEC /* Foundation.framework in Frameworks */ = {isa = PBXBuildFile; fileRef = F49C31EB0E682D66007F2DEC /* Foundation.framework */; };
		F49C31F10E682D79007F2DEC /* XspfQTTrackList.m in Sources */ = {isa = PBXBuildFile; fileRef = F49C31F00E682D79007F2DEC /* XspfQTTrackList.m */; };
		F49C31F60E682E2B007F2DEC /* XspfQTTrack.m in Sources */ = {isa = PBXBuildFile; fileRef = F49C31F50E682E2B007F2DEC /* XspfQTTrack.m */; };
		F4B22C8F101BE195004D427C /* NSPathUtilities-XspfQT-Extensions.m in Sources */ = {isa = PBXBuildFile; fileRef = F4B22C8E101BE195004D427C /* NSPathUtilities-XspfQT-Extensions.m */; };
		F4B8096E0F6EB373004BF2DD /* XspfQTPreferenceWindowController.m in Sources */ = {isa = PBXBuildFile; fileRef = F4B8096D0F6EB373004BF2DD /* XspfQTPreferenceWindowController.m */; };
		F4B809F30F6EBB33004BF2DD /* XspfQTPreference.nib in Resources */ = {isa = PBXBuildFile; fileRef = F4B809F10F6EBB33004BF2DD /* XspfQTPreference.nib */; };
		F4D7CCCB0E868BFC0042F96C /* Localizable.strings in Resources */ = {isa = PBXBuildFile; fileRef = F4D7CCC90E868BFC0042F96C /* Localizable.strings */; };
		F4D99B1F0E6B0F59006D72F4 /* Carbon.framework in Frameworks */ = {isa = PBXBuildFile; fileRef = F4D99B1E0E6B0F59006D72F4 /* Carbon.framework */; };
/* End PBXBuildFile section */

/* Begin PBXContainerItemProxy section */
		F426BB9010832B0C0084E8C5 /* PBXContainerItemProxy */ = {
			isa = PBXContainerItemProxy;
			containerPortal = 2A37F4A9FDCFA73011CA2CEA /* Project object */;
			proxyType = 1;
			remoteGlobalIDString = F426BB301083282A0084E8C5 /* XspfQuickLookPlugIn */;
			remoteInfo = XspfQuickLookPlugIn;
		};
/* End PBXContainerItemProxy section */

/* Begin PBXCopyFilesBuildPhase section */
		F4EA118910830E2E003C8C87 /* CopyFiles */ = {
			isa = PBXCopyFilesBuildPhase;
			buildActionMask = 2147483647;
			dstPath = Contents/Library/QuickLook;
			dstSubfolderSpec = 1;
			files = (
				F426BB8310832AF10084E8C5 /* XspfQuickLook.qlgenerator in CopyFiles */,
			);
			runOnlyForDeploymentPostprocessing = 0;
		};
/* End PBXCopyFilesBuildPhase section */

/* Begin PBXFileReference section */
		089C1660FE840EACC02AAC07 /* English */ = {isa = PBXFileReference; fileEncoding = 4; lastKnownFileType = text.plist.strings; name = English; path = English.lproj/InfoPlist.strings; sourceTree = "<group>"; };
		1058C7A7FEA54F5311CA2CBB /* Cocoa.framework */ = {isa = PBXFileReference; lastKnownFileType = wrapper.framework; name = Cocoa.framework; path = /System/Library/Frameworks/Cocoa.framework; sourceTree = "<absolute>"; };
		13E42FBA07B3F13500E4EEF1 /* CoreData.framework */ = {isa = PBXFileReference; lastKnownFileType = wrapper.framework; name = CoreData.framework; path = /System/Library/Frameworks/CoreData.framework; sourceTree = "<absolute>"; };
		2A37F4ACFDCFA73011CA2CEA /* XspfQTDocument.m */ = {isa = PBXFileReference; fileEncoding = 4; lastKnownFileType = sourcecode.c.objc; path = XspfQTDocument.m; sourceTree = "<group>"; };
		2A37F4AEFDCFA73011CA2CEA /* XspfQTDocument.h */ = {isa = PBXFileReference; fileEncoding = 4; lastKnownFileType = sourcecode.c.h; path = XspfQTDocument.h; sourceTree = "<group>"; };
		2A37F4B0FDCFA73011CA2CEA /* main.m */ = {isa = PBXFileReference; fileEncoding = 4; lastKnownFileType = sourcecode.c.objc; path = main.m; sourceTree = "<group>"; };
		2A37F4B7FDCFA73011CA2CEA /* English */ = {isa = PBXFileReference; lastKnownFileType = wrapper.nib; name = English; path = English.lproj/MainMenu.nib; sourceTree = "<group>"; };
		2A37F4C4FDCFA73011CA2CEA /* AppKit.framework */ = {isa = PBXFileReference; lastKnownFileType = wrapper.framework; name = AppKit.framework; path = /System/Library/Frameworks/AppKit.framework; sourceTree = "<absolute>"; };
		32DBCF750370BD2300C91783 /* XspfQT_Prefix.pch */ = {isa = PBXFileReference; fileEncoding = 4; lastKnownFileType = sourcecode.c.h; path = XspfQT_Prefix.pch; sourceTree = "<group>"; };
		8D15AC360486D014006FF6A4 /* Info.plist */ = {isa = PBXFileReference; fileEncoding = 4; lastKnownFileType = text.plist.xml; path = Info.plist; sourceTree = "<group>"; };
		8D15AC370486D014006FF6A4 /* XspfQT.app */ = {isa = PBXFileReference; explicitFileType = wrapper.application; includeInIndex = 0; path = XspfQT.app; sourceTree = BUILT_PRODUCTS_DIR; };
		F41AC3500F7F0B88003B3DF0 /* XspfQTPreference.h */ = {isa = PBXFileReference; fileEncoding = 4; lastKnownFileType = sourcecode.c.h; path = XspfQTPreference.h; sourceTree = "<group>"; };
		F41AC3510F7F0B88003B3DF0 /* XspfQTPreference.m */ = {isa = PBXFileReference; fileEncoding = 4; lastKnownFileType = sourcecode.c.objc; path = XspfQTPreference.m; sourceTree = "<group>"; };
		F426BB311083282A0084E8C5 /* XspfQuickLook.qlgenerator */ = {isa = PBXFileReference; explicitFileType = wrapper.cfbundle; includeInIndex = 0; path = XspfQuickLook.qlgenerator; sourceTree = BUILT_PRODUCTS_DIR; };
		F426BB66108329DC0084E8C5 /* QuickLook.framework */ = {isa = PBXFileReference; lastKnownFileType = wrapper.framework; name = QuickLook.framework; path = /System/Library/Frameworks/QuickLook.framework; sourceTree = "<absolute>"; };
		F429BD6E0E8F969A006EB717 /* XspfQTPlaylist.h */ = {isa = PBXFileReference; fileEncoding = 4; lastKnownFileType = sourcecode.c.h; path = XspfQTPlaylist.h; sourceTree = "<group>"; };
		F429BD6F0E8F969A006EB717 /* XspfQTPlaylist.m */ = {isa = PBXFileReference; fileEncoding = 4; lastKnownFileType = sourcecode.c.objc; path = XspfQTPlaylist.m; sourceTree = "<group>"; };
		F429BE500E8FAECB006EB717 /* XspfQTContainerComponent.h */ = {isa = PBXFileReference; fileEncoding = 4; lastKnownFileType = sourcecode.c.h; path = XspfQTContainerComponent.h; sourceTree = "<group>"; };
		F429BE510E8FAECB006EB717 /* XspfQTContainerComponent.m */ = {isa = PBXFileReference; fileEncoding = 4; lastKnownFileType = sourcecode.c.objc; path = XspfQTContainerComponent.m; sourceTree = "<group>"; };
		F441DCA30E69B82B009320B6 /* XspfQTMovieWindowController.h */ = {isa = PBXFileReference; fileEncoding = 4; lastKnownFileType = sourcecode.c.h; path = XspfQTMovieWindowController.h; sourceTree = "<group>"; };
		F441DCA40E69B82B009320B6 /* XspfQTMovieWindowController.m */ = {isa = PBXFileReference; fileEncoding = 4; lastKnownFileType = sourcecode.c.objc; path = XspfQTMovieWindowController.m; sourceTree = "<group>"; };
		F441DE560E6A2B5F009320B6 /* XspfQTValueTransformers.h */ = {isa = PBXFileReference; fileEncoding = 4; lastKnownFileType = sourcecode.c.h; path = XspfQTValueTransformers.h; sourceTree = "<group>"; };
		F441DE570E6A2B5F009320B6 /* XspfQTValueTransformers.m */ = {isa = PBXFileReference; fileEncoding = 4; lastKnownFileType = sourcecode.c.objc; path = XspfQTValueTransformers.m; sourceTree = "<group>"; };
		F441DE5A0E6A2BDA009320B6 /* XspfQTAppDelegate.h */ = {isa = PBXFileReference; fileEncoding = 4; lastKnownFileType = sourcecode.c.h; path = XspfQTAppDelegate.h; sourceTree = "<group>"; };
		F441DE5B0E6A2BDA009320B6 /* XspfQTAppDelegate.m */ = {isa = PBXFileReference; fileEncoding = 4; lastKnownFileType = sourcecode.c.objc; path = XspfQTAppDelegate.m; sourceTree = "<group>"; };
		F441DEC90E6A399D009320B6 /* XspfQTFullScreenWindow.h */ = {isa = PBXFileReference; fileEncoding = 4; lastKnownFileType = sourcecode.c.h; path = XspfQTFullScreenWindow.h; sourceTree = "<group>"; };
		F441DECA0E6A399D009320B6 /* XspfQTFullScreenWindow.m */ = {isa = PBXFileReference; fileEncoding = 4; lastKnownFileType = sourcecode.c.objc; path = XspfQTFullScreenWindow.m; sourceTree = "<group>"; };
		F441E0660E6A5131009320B6 /* XspfQTPlayListWindowController.h */ = {isa = PBXFileReference; fileEncoding = 4; lastKnownFileType = sourcecode.c.h; path = XspfQTPlayListWindowController.h; sourceTree = "<group>"; };
		F441E0670E6A5131009320B6 /* XspfQTPlayListWindowController.m */ = {isa = PBXFileReference; fileEncoding = 4; lastKnownFileType = sourcecode.c.objc; path = XspfQTPlayListWindowController.m; sourceTree = "<group>"; };
		F46870220E71963E00B4DAED /* XspfQTPlaceholderComponent.h */ = {isa = PBXFileReference; fileEncoding = 4; lastKnownFileType = sourcecode.c.h; path = XspfQTPlaceholderComponent.h; sourceTree = "<group>"; };
		F46870230E71963E00B4DAED /* XspfQTPlaceholderComponent.m */ = {isa = PBXFileReference; fileEncoding = 4; lastKnownFileType = sourcecode.c.objc; path = XspfQTPlaceholderComponent.m; sourceTree = "<group>"; };
		F47DF8D11083260600DF2C17 /* GeneratePreviewForURL.c */ = {isa = PBXFileReference; explicitFileType = sourcecode.c.objc; fileEncoding = 4; path = GeneratePreviewForURL.c; sourceTree = "<group>"; };
		F47DF8D21083260600DF2C17 /* GenerateThumbnailForURL.c */ = {isa = PBXFileReference; explicitFileType = sourcecode.c.objc; fileEncoding = 4; path = GenerateThumbnailForURL.c; sourceTree = "<group>"; };
		F47DF8D31083260600DF2C17 /* Info.plist */ = {isa = PBXFileReference; fileEncoding = 4; lastKnownFileType = text.plist.xml; path = Info.plist; sourceTree = "<group>"; };
		F47DF8D41083260600DF2C17 /* main.c */ = {isa = PBXFileReference; fileEncoding = 4; lastKnownFileType = sourcecode.c.c; path = main.c; sourceTree = "<group>"; };
		F47DF8DB1083262000DF2C17 /* English */ = {isa = PBXFileReference; fileEncoding = 4; lastKnownFileType = text.plist.strings; name = English; path = English.lproj/InfoPlist.strings; sourceTree = "<group>"; };
		F47E2B1B0E7E87DD00DB1BE6 /* English */ = {isa = PBXFileReference; lastKnownFileType = wrapper.nib; name = English; path = English.lproj/XspfQTDocument.nib; sourceTree = "<group>"; };
		F47E2B1E0E7E87FD00DB1BE6 /* English */ = {isa = PBXFileReference; lastKnownFileType = wrapper.nib; name = English; path = English.lproj/XspfQTPlayList.nib; sourceTree = "<group>"; };
		F484FC790F6BEB6F007C5596 /* XspfQTMovieLoader.h */ = {isa = PBXFileReference; fileEncoding = 4; lastKnownFileType = sourcecode.c.h; path = XspfQTMovieLoader.h; sourceTree = "<group>"; };
		F484FC7A0F6BEB6F007C5596 /* XspfQTMovieLoader.m */ = {isa = PBXFileReference; fileEncoding = 4; lastKnownFileType = sourcecode.c.objc; path = XspfQTMovieLoader.m; sourceTree = "<group>"; };
		F484FD530F6C1AC6007C5596 /* NSURL-XspfQT-Extensions.h */ = {isa = PBXFileReference; fileEncoding = 4; lastKnownFileType = sourcecode.c.h; path = "NSURL-XspfQT-Extensions.h"; sourceTree = "<group>"; };
		F484FD540F6C1AC6007C5596 /* NSURL-XspfQT-Extensions.m */ = {isa = PBXFileReference; fileEncoding = 4; lastKnownFileType = sourcecode.c.objc; path = "NSURL-XspfQT-Extensions.m"; sourceTree = "<group>"; };
		F48B5B1E0F54388100E0D1D0 /* XspfQTMovieWindow.h */ = {isa = PBXFileReference; fileEncoding = 4; lastKnownFileType = sourcecode.c.h; path = XspfQTMovieWindow.h; sourceTree = "<group>"; };
		F48B5B1F0F54388100E0D1D0 /* XspfQTMovieWindow.m */ = {isa = PBXFileReference; fileEncoding = 4; lastKnownFileType = sourcecode.c.objc; path = XspfQTMovieWindow.m; sourceTree = "<group>"; };
		F48DD1920F62A58E008A199C /* XspfQTMovieView.h */ = {isa = PBXFileReference; fileEncoding = 4; lastKnownFileType = sourcecode.c.h; path = XspfQTMovieView.h; sourceTree = "<group>"; };
		F48DD1930F62A58E008A199C /* XspfQTMovieView.m */ = {isa = PBXFileReference; fileEncoding = 4; lastKnownFileType = sourcecode.c.objc; path = XspfQTMovieView.m; sourceTree = "<group>"; };
		F48FDF150E7D4EBE001C33F3 /* English */ = {isa = PBXFileReference; lastKnownFileType = wrapper.nib; name = English; path = English.lproj/XspfQTImformation.nib; sourceTree = "<group>"; };
		F48FDF170E7D4EE7001C33F3 /* XspfQTInformationWindowController.h */ = {isa = PBXFileReference; fileEncoding = 4; lastKnownFileType = sourcecode.c.h; path = XspfQTInformationWindowController.h; sourceTree = "<group>"; };
		F48FDF180E7D4EE7001C33F3 /* XspfQTInformationWindowController.m */ = {isa = PBXFileReference; fileEncoding = 4; lastKnownFileType = sourcecode.c.objc; path = XspfQTInformationWindowController.m; sourceTree = "<group>"; };
		F492C1D70F55627B00D0C72A /* ApplicationServices.framework */ = {isa = PBXFileReference; lastKnownFileType = wrapper.framework; name = ApplicationServices.framework; path = /System/Library/Frameworks/ApplicationServices.framework; sourceTree = "<absolute>"; };
		F49C304C0E68284C007F2DEC /* QTKit.framework */ = {isa = PBXFileReference; lastKnownFileType = wrapper.framework; name = QTKit.framework; path = /System/Library/Frameworks/QTKit.framework; sourceTree = "<absolute>"; };
		F49C31CB0E682C3B007F2DEC /* XspfQTComponent.h */ = {isa = PBXFileReference; fileEncoding = 4; lastKnownFileType = sourcecode.c.h; path = XspfQTComponent.h; sourceTree = "<group>"; };
		F49C31CC0E682C3B007F2DEC /* XspfQTComponent.m */ = {isa = PBXFileReference; fileEncoding = 4; lastKnownFileType = sourcecode.c.objc; path = XspfQTComponent.m; sourceTree = "<group>"; };
		F49C31EB0E682D66007F2DEC /* Foundation.framework */ = {isa = PBXFileReference; lastKnownFileType = wrapper.framework; name = Foundation.framework; path = /System/Library/Frameworks/Foundation.framework; sourceTree = "<absolute>"; };
		F49C31EF0E682D79007F2DEC /* XspfQTTrackList.h */ = {isa = PBXFileReference; fileEncoding = 4; lastKnownFileType = sourcecode.c.h; path = XspfQTTrackList.h; sourceTree = "<group>"; };
		F49C31F00E682D79007F2DEC /* XspfQTTrackList.m */ = {isa = PBXFileReference; fileEncoding = 4; lastKnownFileType = sourcecode.c.objc; path = XspfQTTrackList.m; sourceTree = "<group>"; };
		F49C31F40E682E2B007F2DEC /* XspfQTTrack.h */ = {isa = PBXFileReference; fileEncoding = 4; lastKnownFileType = sourcecode.c.h; path = XspfQTTrack.h; sourceTree = "<group>"; };
		F49C31F50E682E2B007F2DEC /* XspfQTTrack.m */ = {isa = PBXFileReference; fileEncoding = 4; lastKnownFileType = sourcecode.c.objc; path = XspfQTTrack.m; sourceTree = "<group>"; };
		F4B22C8D101BE195004D427C /* NSPathUtilities-XspfQT-Extensions.h */ = {isa = PBXFileReference; fileEncoding = 4; lastKnownFileType = sourcecode.c.h; path = "NSPathUtilities-XspfQT-Extensions.h"; sourceTree = "<group>"; };
		F4B22C8E101BE195004D427C /* NSPathUtilities-XspfQT-Extensions.m */ = {isa = PBXFileReference; fileEncoding = 4; lastKnownFileType = sourcecode.c.objc; path = "NSPathUtilities-XspfQT-Extensions.m"; sourceTree = "<group>"; };
		F4B8096C0F6EB373004BF2DD /* XspfQTPreferenceWindowController.h */ = {isa = PBXFileReference; fileEncoding = 4; lastKnownFileType = sourcecode.c.h; path = XspfQTPreferenceWindowController.h; sourceTree = "<group>"; };
		F4B8096D0F6EB373004BF2DD /* XspfQTPreferenceWindowController.m */ = {isa = PBXFileReference; fileEncoding = 4; lastKnownFileType = sourcecode.c.objc; path = XspfQTPreferenceWindowController.m; sourceTree = "<group>"; };
		F4B809F20F6EBB33004BF2DD /* English */ = {isa = PBXFileReference; lastKnownFileType = wrapper.nib; name = English; path = English.lproj/XspfQTPreference.nib; sourceTree = "<group>"; };
		F4B809F40F6EBB47004BF2DD /* Japanese */ = {isa = PBXFileReference; lastKnownFileType = wrapper.nib; name = Japanese; path = Japanese.lproj/XspfQTPreference.nib; sourceTree = "<group>"; };
		F4D7CCBF0E868B4C0042F96C /* Japanese */ = {isa = PBXFileReference; lastKnownFileType = wrapper.nib; name = Japanese; path = Japanese.lproj/MainMenu.nib; sourceTree = "<group>"; };
		F4D7CCC00E868B4C0042F96C /* Japanese */ = {isa = PBXFileReference; lastKnownFileType = wrapper.nib; name = Japanese; path = Japanese.lproj/XspfQTDocument.nib; sourceTree = "<group>"; };
		F4D7CCC10E868B4D0042F96C /* Japanese */ = {isa = PBXFileReference; lastKnownFileType = wrapper.nib; name = Japanese; path = Japanese.lproj/XspfQTImformation.nib; sourceTree = "<group>"; };
		F4D7CCC20E868B4D0042F96C /* Japanese */ = {isa = PBXFileReference; lastKnownFileType = wrapper.nib; name = Japanese; path = Japanese.lproj/XspfQTPlayList.nib; sourceTree = "<group>"; };
		F4D7CCCA0E868BFC0042F96C /* Japanese */ = {isa = PBXFileReference; fileEncoding = 4; lastKnownFileType = text.plist.strings; name = Japanese; path = Japanese.lproj/Localizable.strings; sourceTree = "<group>"; };
		F4D7CCCC0E868C090042F96C /* English */ = {isa = PBXFileReference; lastKnownFileType = text.plist.strings; name = English; path = English.lproj/Localizable.strings; sourceTree = "<group>"; };
		F4D7CCEA0E8690E90042F96C /* English */ = {isa = PBXFileReference; fileEncoding = 4; lastKnownFileType = text; name = English; path = English.lproj/Localizable.strings.sed; sourceTree = "<group>"; };
		F4D7CCEB0E8690F90042F96C /* Japanese */ = {isa = PBXFileReference; lastKnownFileType = text; name = Japanese; path = Japanese.lproj/Localizable.strings.sed; sourceTree = "<group>"; };
		F4D99B1E0E6B0F59006D72F4 /* Carbon.framework */ = {isa = PBXFileReference; lastKnownFileType = wrapper.framework; name = Carbon.framework; path = /System/Library/Frameworks/Carbon.framework; sourceTree = "<absolute>"; };
/* End PBXFileReference section */

/* Begin PBXFrameworksBuildPhase section */
		8D15AC330486D014006FF6A4 /* Frameworks */ = {
			isa = PBXFrameworksBuildPhase;
			buildActionMask = 2147483647;
			files = (
				8D15AC340486D014006FF6A4 /* Cocoa.framework in Frameworks */,
				F49C304D0E68284C007F2DEC /* QTKit.framework in Frameworks */,
				F49C31EC0E682D66007F2DEC /* Foundation.framework in Frameworks */,
				F4D99B1F0E6B0F59006D72F4 /* Carbon.framework in Frameworks */,
				F492C1D80F55627B00D0C72A /* ApplicationServices.framework in Frameworks */,
			);
			runOnlyForDeploymentPostprocessing = 0;
		};
		F426BB2F1083282A0084E8C5 /* Frameworks */ = {
			isa = PBXFrameworksBuildPhase;
			buildActionMask = 2147483647;
			files = (
				F426BB61108329A20084E8C5 /* AppKit.framework in Frameworks */,
				F426BB62108329A40084E8C5 /* ApplicationServices.framework in Frameworks */,
				F426BB63108329A50084E8C5 /* Carbon.framework in Frameworks */,
				F426BB64108329A80084E8C5 /* CoreData.framework in Frameworks */,
				F426BB65108329AA0084E8C5 /* QTKit.framework in Frameworks */,
				F426BB67108329DC0084E8C5 /* QuickLook.framework in Frameworks */,
			);
			runOnlyForDeploymentPostprocessing = 0;
		};
/* End PBXFrameworksBuildPhase section */

/* Begin PBXGroup section */
		1058C7A6FEA54F5311CA2CBB /* Linked Frameworks */ = {
			isa = PBXGroup;
			children = (
				1058C7A7FEA54F5311CA2CBB /* Cocoa.framework */,
			);
			name = "Linked Frameworks";
			sourceTree = "<group>";
		};
		1058C7A8FEA54F5311CA2CBB /* Other Frameworks */ = {
			isa = PBXGroup;
			children = (
				F492C1D70F55627B00D0C72A /* ApplicationServices.framework */,
				F4D99B1E0E6B0F59006D72F4 /* Carbon.framework */,
				F49C304C0E68284C007F2DEC /* QTKit.framework */,
				2A37F4C4FDCFA73011CA2CEA /* AppKit.framework */,
				13E42FBA07B3F13500E4EEF1 /* CoreData.framework */,
				F49C31EB0E682D66007F2DEC /* Foundation.framework */,
			);
			name = "Other Frameworks";
			sourceTree = "<group>";
		};
		19C28FB0FE9D524F11CA2CBB /* Products */ = {
			isa = PBXGroup;
			children = (
				8D15AC370486D014006FF6A4 /* XspfQT.app */,
				F426BB311083282A0084E8C5 /* XspfQuickLook.qlgenerator */,
			);
			name = Products;
			sourceTree = "<group>";
		};
		2A37F4AAFDCFA73011CA2CEA /* XspfQT */ = {
			isa = PBXGroup;
			children = (
				F47DF8CD108325D800DF2C17 /* QuickLookPlugIn */,
				2A37F4ABFDCFA73011CA2CEA /* Classes */,
				2A37F4AFFDCFA73011CA2CEA /* Other Sources */,
				2A37F4B8FDCFA73011CA2CEA /* Resources */,
				2A37F4C3FDCFA73011CA2CEA /* Frameworks */,
				19C28FB0FE9D524F11CA2CBB /* Products */,
			);
			name = XspfQT;
			sourceTree = "<group>";
		};
		2A37F4ABFDCFA73011CA2CEA /* Classes */ = {
			isa = PBXGroup;
			children = (
				F484FD8E0F6C8F1F007C5596 /* CocoaExtentions */,
				F484FD8D0F6C8EDF007C5596 /* XspfQTComponent */,
				F441DE5A0E6A2BDA009320B6 /* XspfQTAppDelegate.h */,
				F441DE5B0E6A2BDA009320B6 /* XspfQTAppDelegate.m */,
				F41AC3500F7F0B88003B3DF0 /* XspfQTPreference.h */,
				F41AC3510F7F0B88003B3DF0 /* XspfQTPreference.m */,
				2A37F4AEFDCFA73011CA2CEA /* XspfQTDocument.h */,
				2A37F4ACFDCFA73011CA2CEA /* XspfQTDocument.m */,
				F441DCA30E69B82B009320B6 /* XspfQTMovieWindowController.h */,
				F441DCA40E69B82B009320B6 /* XspfQTMovieWindowController.m */,
				F441E0660E6A5131009320B6 /* XspfQTPlayListWindowController.h */,
				F441E0670E6A5131009320B6 /* XspfQTPlayListWindowController.m */,
				F48FDF170E7D4EE7001C33F3 /* XspfQTInformationWindowController.h */,
				F48FDF180E7D4EE7001C33F3 /* XspfQTInformationWindowController.m */,
				F4B8096C0F6EB373004BF2DD /* XspfQTPreferenceWindowController.h */,
				F4B8096D0F6EB373004BF2DD /* XspfQTPreferenceWindowController.m */,
				F441DE560E6A2B5F009320B6 /* XspfQTValueTransformers.h */,
				F441DE570E6A2B5F009320B6 /* XspfQTValueTransformers.m */,
				F441DEC90E6A399D009320B6 /* XspfQTFullScreenWindow.h */,
				F441DECA0E6A399D009320B6 /* XspfQTFullScreenWindow.m */,
				F48B5B1E0F54388100E0D1D0 /* XspfQTMovieWindow.h */,
				F48B5B1F0F54388100E0D1D0 /* XspfQTMovieWindow.m */,
				F48DD1920F62A58E008A199C /* XspfQTMovieView.h */,
				F48DD1930F62A58E008A199C /* XspfQTMovieView.m */,
				F484FC790F6BEB6F007C5596 /* XspfQTMovieLoader.h */,
				F484FC7A0F6BEB6F007C5596 /* XspfQTMovieLoader.m */,
			);
			name = Classes;
			sourceTree = "<group>";
		};
		2A37F4AFFDCFA73011CA2CEA /* Other Sources */ = {
			isa = PBXGroup;
			children = (
				32DBCF750370BD2300C91783 /* XspfQT_Prefix.pch */,
				2A37F4B0FDCFA73011CA2CEA /* main.m */,
			);
			name = "Other Sources";
			sourceTree = "<group>";
		};
		2A37F4B8FDCFA73011CA2CEA /* Resources */ = {
			isa = PBXGroup;
			children = (
				F4D7CCE90E8690E90042F96C /* Localizable.strings.sed */,
				F4D7CCC90E868BFC0042F96C /* Localizable.strings */,
				2A37F4B6FDCFA73011CA2CEA /* MainMenu.nib */,
				F47E2B1A0E7E87DD00DB1BE6 /* XspfQTDocument.nib */,
				F47E2B1D0E7E87FD00DB1BE6 /* XspfQTPlayList.nib */,
				F48FDF140E7D4EBE001C33F3 /* XspfQTImformation.nib */,
				F4B809F10F6EBB33004BF2DD /* XspfQTPreference.nib */,
				8D15AC360486D014006FF6A4 /* Info.plist */,
				089C165FFE840EACC02AAC07 /* InfoPlist.strings */,
			);
			name = Resources;
			sourceTree = "<group>";
		};
		2A37F4C3FDCFA73011CA2CEA /* Frameworks */ = {
			isa = PBXGroup;
			children = (
				1058C7A6FEA54F5311CA2CBB /* Linked Frameworks */,
				1058C7A8FEA54F5311CA2CBB /* Other Frameworks */,
			);
			name = Frameworks;
			sourceTree = "<group>";
		};
		F47DF8CD108325D800DF2C17 /* QuickLookPlugIn */ = {
			isa = PBXGroup;
			children = (
				F47DF8DA1083262000DF2C17 /* InfoPlist.strings */,
				F47DF8D11083260600DF2C17 /* GeneratePreviewForURL.c */,
				F47DF8D21083260600DF2C17 /* GenerateThumbnailForURL.c */,
				F47DF8D31083260600DF2C17 /* Info.plist */,
				F47DF8D41083260600DF2C17 /* main.c */,
				F426BB66108329DC0084E8C5 /* QuickLook.framework */,
			);
			path = QuickLookPlugIn;
			sourceTree = "<group>";
		};
		F484FD8D0F6C8EDF007C5596 /* XspfQTComponent */ = {
			isa = PBXGroup;
			children = (
				F49C31CB0E682C3B007F2DEC /* XspfQTComponent.h */,
				F49C31CC0E682C3B007F2DEC /* XspfQTComponent.m */,
				F46870220E71963E00B4DAED /* XspfQTPlaceholderComponent.h */,
				F46870230E71963E00B4DAED /* XspfQTPlaceholderComponent.m */,
				F429BE500E8FAECB006EB717 /* XspfQTContainerComponent.h */,
				F429BE510E8FAECB006EB717 /* XspfQTContainerComponent.m */,
				F429BD6E0E8F969A006EB717 /* XspfQTPlaylist.h */,
				F429BD6F0E8F969A006EB717 /* XspfQTPlaylist.m */,
				F49C31EF0E682D79007F2DEC /* XspfQTTrackList.h */,
				F49C31F00E682D79007F2DEC /* XspfQTTrackList.m */,
				F49C31F40E682E2B007F2DEC /* XspfQTTrack.h */,
				F49C31F50E682E2B007F2DEC /* XspfQTTrack.m */,
			);
			name = XspfQTComponent;
			sourceTree = "<group>";
		};
		F484FD8E0F6C8F1F007C5596 /* CocoaExtentions */ = {
			isa = PBXGroup;
			children = (
				F484FD530F6C1AC6007C5596 /* NSURL-XspfQT-Extensions.h */,
				F484FD540F6C1AC6007C5596 /* NSURL-XspfQT-Extensions.m */,
				F4B22C8D101BE195004D427C /* NSPathUtilities-XspfQT-Extensions.h */,
				F4B22C8E101BE195004D427C /* NSPathUtilities-XspfQT-Extensions.m */,
			);
			name = CocoaExtentions;
			sourceTree = "<group>";
		};
/* End PBXGroup section */

/* Begin PBXNativeTarget section */
		8D15AC270486D014006FF6A4 /* XspfQT */ = {
			isa = PBXNativeTarget;
			buildConfigurationList = C05733C708A9546B00998B17 /* Build configuration list for PBXNativeTarget "XspfQT" */;
			buildPhases = (
				8D15AC2B0486D014006FF6A4 /* Resources */,
				8D15AC300486D014006FF6A4 /* Sources */,
				8D15AC330486D014006FF6A4 /* Frameworks */,
				F4EA118910830E2E003C8C87 /* CopyFiles */,
			);
			buildRules = (
			);
			dependencies = (
				F426BB9110832B0C0084E8C5 /* PBXTargetDependency */,
			);
			name = XspfQT;
			productInstallPath = "$(HOME)/Applications";
			productName = XspfQT;
			productReference = 8D15AC370486D014006FF6A4 /* XspfQT.app */;
			productType = "com.apple.product-type.application";
		};
		F426BB301083282A0084E8C5 /* XspfQuickLook */ = {
			isa = PBXNativeTarget;
			buildConfigurationList = F426BB351083282C0084E8C5 /* Build configuration list for PBXNativeTarget "XspfQuickLook" */;
			buildPhases = (
				F426BB2D1083282A0084E8C5 /* Resources */,
				F426BB2E1083282A0084E8C5 /* Sources */,
				F426BB2F1083282A0084E8C5 /* Frameworks */,
			);
			buildRules = (
			);
			dependencies = (
			);
			name = XspfQuickLook;
			productName = XspfQuickLookPlugIn;
			productReference = F426BB311083282A0084E8C5 /* XspfQuickLook.qlgenerator */;
			productType = "com.apple.product-type.bundle";
		};
/* End PBXNativeTarget section */

/* Begin PBXProject section */
		2A37F4A9FDCFA73011CA2CEA /* Project object */ = {
			isa = PBXProject;
			buildConfigurationList = C05733CB08A9546B00998B17 /* Build configuration list for PBXProject "XspfQT" */;
			compatibilityVersion = "Xcode 3.0";
			hasScannedForEncodings = 1;
			mainGroup = 2A37F4AAFDCFA73011CA2CEA /* XspfQT */;
			projectDirPath = "";
			projectRoot = "";
			targets = (
				8D15AC270486D014006FF6A4 /* XspfQT */,
				F426BB301083282A0084E8C5 /* XspfQuickLook */,
			);
		};
/* End PBXProject section */

/* Begin PBXResourcesBuildPhase section */
		8D15AC2B0486D014006FF6A4 /* Resources */ = {
			isa = PBXResourcesBuildPhase;
			buildActionMask = 2147483647;
			files = (
				8D15AC2D0486D014006FF6A4 /* MainMenu.nib in Resources */,
				8D15AC2F0486D014006FF6A4 /* InfoPlist.strings in Resources */,
				F48FDF160E7D4EBE001C33F3 /* XspfQTImformation.nib in Resources */,
				F47E2B1C0E7E87DD00DB1BE6 /* XspfQTDocument.nib in Resources */,
				F47E2B1F0E7E87FD00DB1BE6 /* XspfQTPlayList.nib in Resources */,
				F4D7CCCB0E868BFC0042F96C /* Localizable.strings in Resources */,
				F4B809F30F6EBB33004BF2DD /* XspfQTPreference.nib in Resources */,
			);
			runOnlyForDeploymentPostprocessing = 0;
		};
		F426BB2D1083282A0084E8C5 /* Resources */ = {
			isa = PBXResourcesBuildPhase;
			buildActionMask = 2147483647;
			files = (
				F426BB4D1083291B0084E8C5 /* InfoPlist.strings in Resources */,
			);
			runOnlyForDeploymentPostprocessing = 0;
		};
/* End PBXResourcesBuildPhase section */

/* Begin PBXSourcesBuildPhase section */
		8D15AC300486D014006FF6A4 /* Sources */ = {
			isa = PBXSourcesBuildPhase;
			buildActionMask = 2147483647;
			files = (
				8D15AC310486D014006FF6A4 /* XspfQTDocument.m in Sources */,
				8D15AC320486D014006FF6A4 /* main.m in Sources */,
				F49C31CD0E682C3B007F2DEC /* XspfQTComponent.m in Sources */,
				F49C31F10E682D79007F2DEC /* XspfQTTrackList.m in Sources */,
				F49C31F60E682E2B007F2DEC /* XspfQTTrack.m in Sources */,
				F441DCA50E69B82B009320B6 /* XspfQTMovieWindowController.m in Sources */,
				F441DE580E6A2B5F009320B6 /* XspfQTValueTransformers.m in Sources */,
				F441DE5C0E6A2BDA009320B6 /* XspfQTAppDelegate.m in Sources */,
				F441DECB0E6A399D009320B6 /* XspfQTFullScreenWindow.m in Sources */,
				F441E0680E6A5131009320B6 /* XspfQTPlayListWindowController.m in Sources */,
				F46870240E71963E00B4DAED /* XspfQTPlaceholderComponent.m in Sources */,
				F48FDF190E7D4EE7001C33F3 /* XspfQTInformationWindowController.m in Sources */,
				F429BD700E8F969A006EB717 /* XspfQTPlaylist.m in Sources */,
				F429BE520E8FAECB006EB717 /* XspfQTContainerComponent.m in Sources */,
				F48B5B200F54388100E0D1D0 /* XspfQTMovieWindow.m in Sources */,
				F48DD1940F62A58E008A199C /* XspfQTMovieView.m in Sources */,
				F484FC7B0F6BEB6F007C5596 /* XspfQTMovieLoader.m in Sources */,
				F484FD550F6C1AC6007C5596 /* NSURL-XspfQT-Extensions.m in Sources */,
				F4B8096E0F6EB373004BF2DD /* XspfQTPreferenceWindowController.m in Sources */,
				F41AC3520F7F0B88003B3DF0 /* XspfQTPreference.m in Sources */,
				F4B22C8F101BE195004D427C /* NSPathUtilities-XspfQT-Extensions.m in Sources */,
			);
			runOnlyForDeploymentPostprocessing = 0;
		};
		F426BB2E1083282A0084E8C5 /* Sources */ = {
			isa = PBXSourcesBuildPhase;
			buildActionMask = 2147483647;
			files = (
				F426BB4E108329400084E8C5 /* GenerateThumbnailForURL.c in Sources */,
				F426BB4F108329420084E8C5 /* GeneratePreviewForURL.c in Sources */,
				F426BB50108329450084E8C5 /* main.c in Sources */,
				F426BB7810832ABB0084E8C5 /* XspfQTComponent.m in Sources */,
				F426BB7910832ABC0084E8C5 /* XspfQTContainerComponent.m in Sources */,
				F426BB7A10832ABE0084E8C5 /* XspfQTPlaceholderComponent.m in Sources */,
				F426BB7B10832ABF0084E8C5 /* XspfQTPlaylist.m in Sources */,
				F426BB7C10832AC10084E8C5 /* XspfQTTrack.m in Sources */,
				F426BB7D10832AC20084E8C5 /* XspfQTTrackList.m in Sources */,
				F426BBC41083313F0084E8C5 /* NSPathUtilities-XspfQT-Extensions.m in Sources */,
				F426BBD71083328F0084E8C5 /* NSURL-XspfQT-Extensions.m in Sources */,
			);
			runOnlyForDeploymentPostprocessing = 0;
		};
/* End PBXSourcesBuildPhase section */

/* Begin PBXTargetDependency section */
		F426BB9110832B0C0084E8C5 /* PBXTargetDependency */ = {
			isa = PBXTargetDependency;
			target = F426BB301083282A0084E8C5 /* XspfQuickLook */;
			targetProxy = F426BB9010832B0C0084E8C5 /* PBXContainerItemProxy */;
		};
/* End PBXTargetDependency section */

/* Begin PBXVariantGroup section */
		089C165FFE840EACC02AAC07 /* InfoPlist.strings */ = {
			isa = PBXVariantGroup;
			children = (
				089C1660FE840EACC02AAC07 /* English */,
			);
			name = InfoPlist.strings;
			sourceTree = "<group>";
		};
		2A37F4B6FDCFA73011CA2CEA /* MainMenu.nib */ = {
			isa = PBXVariantGroup;
			children = (
				2A37F4B7FDCFA73011CA2CEA /* English */,
				F4D7CCBF0E868B4C0042F96C /* Japanese */,
			);
			name = MainMenu.nib;
			sourceTree = "<group>";
		};
		F47DF8DA1083262000DF2C17 /* InfoPlist.strings */ = {
			isa = PBXVariantGroup;
			children = (
				F47DF8DB1083262000DF2C17 /* English */,
			);
			name = InfoPlist.strings;
			sourceTree = "<group>";
		};
		F47E2B1A0E7E87DD00DB1BE6 /* XspfQTDocument.nib */ = {
			isa = PBXVariantGroup;
			children = (
				F47E2B1B0E7E87DD00DB1BE6 /* English */,
				F4D7CCC00E868B4C0042F96C /* Japanese */,
			);
			name = XspfQTDocument.nib;
			sourceTree = "<group>";
		};
		F47E2B1D0E7E87FD00DB1BE6 /* XspfQTPlayList.nib */ = {
			isa = PBXVariantGroup;
			children = (
				F47E2B1E0E7E87FD00DB1BE6 /* English */,
				F4D7CCC20E868B4D0042F96C /* Japanese */,
			);
			name = XspfQTPlayList.nib;
			sourceTree = "<group>";
		};
		F48FDF140E7D4EBE001C33F3 /* XspfQTImformation.nib */ = {
			isa = PBXVariantGroup;
			children = (
				F48FDF150E7D4EBE001C33F3 /* English */,
				F4D7CCC10E868B4D0042F96C /* Japanese */,
			);
			name = XspfQTImformation.nib;
			sourceTree = "<group>";
		};
		F4B809F10F6EBB33004BF2DD /* XspfQTPreference.nib */ = {
			isa = PBXVariantGroup;
			children = (
				F4B809F20F6EBB33004BF2DD /* English */,
				F4B809F40F6EBB47004BF2DD /* Japanese */,
			);
			name = XspfQTPreference.nib;
			sourceTree = "<group>";
		};
		F4D7CCC90E868BFC0042F96C /* Localizable.strings */ = {
			isa = PBXVariantGroup;
			children = (
				F4D7CCCA0E868BFC0042F96C /* Japanese */,
				F4D7CCCC0E868C090042F96C /* English */,
			);
			name = Localizable.strings;
			sourceTree = "<group>";
		};
		F4D7CCE90E8690E90042F96C /* Localizable.strings.sed */ = {
			isa = PBXVariantGroup;
			children = (
				F4D7CCEA0E8690E90042F96C /* English */,
				F4D7CCEB0E8690F90042F96C /* Japanese */,
			);
			name = Localizable.strings.sed;
			sourceTree = "<group>";
		};
/* End PBXVariantGroup section */

/* Begin XCBuildConfiguration section */
		C05733C808A9546B00998B17 /* Debug */ = {
			isa = XCBuildConfiguration;
			buildSettings = {
				COPY_PHASE_STRIP = NO;
				GCC_DYNAMIC_NO_PIC = NO;
				GCC_ENABLE_FIX_AND_CONTINUE = YES;
				GCC_MODEL_TUNING = G4;
				GCC_OPTIMIZATION_LEVEL = 0;
				GCC_PRECOMPILE_PREFIX_HEADER = YES;
				GCC_PREFIX_HEADER = XspfQT_Prefix.pch;
				GCC_WARN_UNINITIALIZED_AUTOS = YES;
				GCC_WARN_UNUSED_FUNCTION = YES;
				GCC_WARN_UNUSED_LABEL = YES;
				INFOPLIST_FILE = Info.plist;
				INSTALL_PATH = "$(HOME)/Applications";
				PRODUCT_NAME = XspfQT;
				WRAPPER_EXTENSION = app;
				ZERO_LINK = YES;
			};
			name = Debug;
		};
		C05733C908A9546B00998B17 /* Release */ = {
			isa = XCBuildConfiguration;
			buildSettings = {
				DEBUG_INFORMATION_FORMAT = "dwarf-with-dsym";
				GCC_MODEL_TUNING = G4;
				GCC_PRECOMPILE_PREFIX_HEADER = YES;
				GCC_PREFIX_HEADER = XspfQT_Prefix.pch;
				GCC_WARN_UNINITIALIZED_AUTOS = YES;
				GCC_WARN_UNUSED_FUNCTION = YES;
				GCC_WARN_UNUSED_LABEL = YES;
				INFOPLIST_FILE = Info.plist;
				INSTALL_PATH = "$(HOME)/Applications";
				PRODUCT_NAME = XspfQT;
				WRAPPER_EXTENSION = app;
			};
			name = Release;
		};
		C05733CC08A9546B00998B17 /* Debug */ = {
			isa = XCBuildConfiguration;
			buildSettings = {
				GCC_WARN_ABOUT_RETURN_TYPE = YES;
				GCC_WARN_UNUSED_VARIABLE = YES;
				PREBINDING = NO;
				SDKROOT = "$(DEVELOPER_SDK_DIR)/MacOSX10.5.sdk";
			};
			name = Debug;
		};
		C05733CD08A9546B00998B17 /* Release */ = {
			isa = XCBuildConfiguration;
			buildSettings = {
				ARCHS = (
					ppc,
					i386,
				);
				GCC_WARN_ABOUT_RETURN_TYPE = YES;
				GCC_WARN_UNUSED_VARIABLE = YES;
				PREBINDING = NO;
				SDKROOT = "$(DEVELOPER_SDK_DIR)/MacOSX10.5.sdk";
			};
			name = Release;
		};
		F426BB331083282B0084E8C5 /* Debug */ = {
			isa = XCBuildConfiguration;
			buildSettings = {
				ALWAYS_SEARCH_USER_PATHS = NO;
				COPY_PHASE_STRIP = NO;
				GCC_DYNAMIC_NO_PIC = NO;
				GCC_ENABLE_FIX_AND_CONTINUE = YES;
				GCC_OPTIMIZATION_LEVEL = 0;
				GCC_PRECOMPILE_PREFIX_HEADER = YES;
				INFOPLIST_FILE = QuickLookPlugIn/Info.plist;
				INSTALL_PATH = /Library/QuickLook;
				PREBINDING = NO;
				PRODUCT_NAME = XspfQuickLook;
				WRAPPER_EXTENSION = qlgenerator;
			};
			name = Debug;
		};
		F426BB341083282B0084E8C5 /* Release */ = {
			isa = XCBuildConfiguration;
			buildSettings = {
				ALWAYS_SEARCH_USER_PATHS = NO;
				COPY_PHASE_STRIP = YES;
				DEBUG_INFORMATION_FORMAT = "dwarf-with-dsym";
				GCC_ENABLE_FIX_AND_CONTINUE = NO;
				GCC_PRECOMPILE_PREFIX_HEADER = YES;
				INFOPLIST_FILE = QuickLookPlugIn/Info.plist;
				INSTALL_PATH = /Library/QuickLook;
				PREBINDING = NO;
				PRODUCT_NAME = XspfQuickLook;
				WRAPPER_EXTENSION = qlgenerator;
				ZERO_LINK = NO;
			};
			name = Release;
		};
/* End XCBuildConfiguration section */

/* Begin XCConfigurationList section */
		C05733C708A9546B00998B17 /* Build configuration list for PBXNativeTarget "XspfQT" */ = {
			isa = XCConfigurationList;
			buildConfigurations = (
				C05733C808A9546B00998B17 /* Debug */,
				C05733C908A9546B00998B17 /* Release */,
			);
			defaultConfigurationIsVisible = 0;
			defaultConfigurationName = Release;
		};
		C05733CB08A9546B00998B17 /* Build configuration list for PBXProject "XspfQT" */ = {
			isa = XCConfigurationList;
			buildConfigurations = (
				C05733CC08A9546B00998B17 /* Debug */,
				C05733CD08A9546B00998B17 /* Release */,
			);
			defaultConfigurationIsVisible = 0;
			defaultConfigurationName = Release;
		};
		F426BB351083282C0084E8C5 /* Build configuration list for PBXNativeTarget "XspfQuickLook" */ = {
			isa = XCConfigurationList;
			buildConfigurations = (
				F426BB331083282B0084E8C5 /* Debug */,
				F426BB341083282B0084E8C5 /* Release */,
			);
			defaultConfigurationIsVisible = 0;
			defaultConfigurationName = Release;
		};
/* End XCConfigurationList section */
	};
	rootObject = 2A37F4A9FDCFA73011CA2CEA /* Project object */;
}
